// !$*UTF8*$!
{
	archiveVersion = 1;
	classes = {
	};
	objectVersion = 51;
	objects = {

/* Begin PBXBuildFile section */
		25940474D18F82C45C938F61 /* Pods_Comy_iOS_Comy_iOSUITests.framework in Frameworks */ = {isa = PBXBuildFile; fileRef = 0A8B4311477D4174EA6B2FAC /* Pods_Comy_iOS_Comy_iOSUITests.framework */; };
		660F160D2493D465006790BF /* ServerServices.swift in Sources */ = {isa = PBXBuildFile; fileRef = 660F160C2493D465006790BF /* ServerServices.swift */; };
		660F160F2493D913006790BF /* ServerStateResponse.swift in Sources */ = {isa = PBXBuildFile; fileRef = 660F160E2493D913006790BF /* ServerStateResponse.swift */; };
		660F16112493DB18006790BF /* ServerViewModel.swift in Sources */ = {isa = PBXBuildFile; fileRef = 660F16102493DB18006790BF /* ServerViewModel.swift */; };
		661186DB249898FE001BA0AF /* OnboardingController.swift in Sources */ = {isa = PBXBuildFile; fileRef = 661186DA249898FE001BA0AF /* OnboardingController.swift */; };
		6615B7352492222D006E2DE9 /* AppDelegate.swift in Sources */ = {isa = PBXBuildFile; fileRef = 6615B7342492222D006E2DE9 /* AppDelegate.swift */; };
		6615B7372492222D006E2DE9 /* SceneDelegate.swift in Sources */ = {isa = PBXBuildFile; fileRef = 6615B7362492222D006E2DE9 /* SceneDelegate.swift */; };
		6615B73C2492222D006E2DE9 /* Main.storyboard in Resources */ = {isa = PBXBuildFile; fileRef = 6615B73A2492222D006E2DE9 /* Main.storyboard */; };
		6615B73F2492222D006E2DE9 /* Comy_iOS.xcdatamodeld in Sources */ = {isa = PBXBuildFile; fileRef = 6615B73D2492222D006E2DE9 /* Comy_iOS.xcdatamodeld */; };
		6615B7412492222E006E2DE9 /* Assets.xcassets in Resources */ = {isa = PBXBuildFile; fileRef = 6615B7402492222E006E2DE9 /* Assets.xcassets */; };
		6615B7442492222E006E2DE9 /* LaunchScreen.storyboard in Resources */ = {isa = PBXBuildFile; fileRef = 6615B7422492222E006E2DE9 /* LaunchScreen.storyboard */; };
		6615B76C24923017006E2DE9 /* ServerCommandsController.swift in Sources */ = {isa = PBXBuildFile; fileRef = 6615B76B24923017006E2DE9 /* ServerCommandsController.swift */; };
		6615B76F2492305E006E2DE9 /* Command.swift in Sources */ = {isa = PBXBuildFile; fileRef = 6615B76E2492305E006E2DE9 /* Command.swift */; };
		6615B7712492308A006E2DE9 /* CommandResult.swift in Sources */ = {isa = PBXBuildFile; fileRef = 6615B7702492308A006E2DE9 /* CommandResult.swift */; };
		6615B77324923093006E2DE9 /* CommandResultStatus.swift in Sources */ = {isa = PBXBuildFile; fileRef = 6615B77224923093006E2DE9 /* CommandResultStatus.swift */; };
		6615B7762492311D006E2DE9 /* Message.swift in Sources */ = {isa = PBXBuildFile; fileRef = 6615B7752492311D006E2DE9 /* Message.swift */; };
		6615B7782492314C006E2DE9 /* ExecuteCommandMessage.swift in Sources */ = {isa = PBXBuildFile; fileRef = 6615B7772492314C006E2DE9 /* ExecuteCommandMessage.swift */; };
		6615B77A2492322A006E2DE9 /* NeedStateMessage.swift in Sources */ = {isa = PBXBuildFile; fileRef = 6615B7792492322A006E2DE9 /* NeedStateMessage.swift */; };
		6615B77D2492328D006E2DE9 /* Response.swift in Sources */ = {isa = PBXBuildFile; fileRef = 6615B77C2492328D006E2DE9 /* Response.swift */; };
		6642203F24976DDD00CD67D8 /* CommandCell.xib in Resources */ = {isa = PBXBuildFile; fileRef = 6642203E24976DDD00CD67D8 /* CommandCell.xib */; };
		6642204124976E6B00CD67D8 /* CommandCell.swift in Sources */ = {isa = PBXBuildFile; fileRef = 6642204024976E6B00CD67D8 /* CommandCell.swift */; };
		66C8FAAC249BDAFA00397933 /* AuthentificationTokenMessage.swift in Sources */ = {isa = PBXBuildFile; fileRef = 66C8FAAB249BDAFA00397933 /* AuthentificationTokenMessage.swift */; };
		66C8FAAE249BDB3200397933 /* AuthentificateUserMessage.swift in Sources */ = {isa = PBXBuildFile; fileRef = 66C8FAAD249BDB3200397933 /* AuthentificateUserMessage.swift */; };
		66C8FAB0249BDB6100397933 /* RefreshTokenMessage.swift in Sources */ = {isa = PBXBuildFile; fileRef = 66C8FAAF249BDB6100397933 /* RefreshTokenMessage.swift */; };
		66C8FAB2249BDC1E00397933 /* AuthentificationResponse.swift in Sources */ = {isa = PBXBuildFile; fileRef = 66C8FAB1249BDC1E00397933 /* AuthentificationResponse.swift */; };
		66C8FAB4249BDCA700397933 /* ServerInfoResponse.swift in Sources */ = {isa = PBXBuildFile; fileRef = 66C8FAB3249BDCA700397933 /* ServerInfoResponse.swift */; };
		66E170F7249CE7670002EDAC /* OnboardingViewModel.swift in Sources */ = {isa = PBXBuildFile; fileRef = 66E170F6249CE7670002EDAC /* OnboardingViewModel.swift */; };
		66E7108A2498F4EC0022D9EA /* NotificationView.xib in Resources */ = {isa = PBXBuildFile; fileRef = 66E710892498F4EC0022D9EA /* NotificationView.xib */; };
		66E7108C2498F6990022D9EA /* NotificationView.swift in Sources */ = {isa = PBXBuildFile; fileRef = 66E7108B2498F6990022D9EA /* NotificationView.swift */; };
		66E7108E249904BA0022D9EA /* CommandResponse.swift in Sources */ = {isa = PBXBuildFile; fileRef = 66E7108D249904BA0022D9EA /* CommandResponse.swift */; };
		66E71094249917FE0022D9EA /* ServerViewModelTest.swift in Sources */ = {isa = PBXBuildFile; fileRef = 66E71093249917FE0022D9EA /* ServerViewModelTest.swift */; };
		A717272C7577C392AE26B756 /* Pods_Comy_iOS.framework in Frameworks */ = {isa = PBXBuildFile; fileRef = 6A17DF704DDB833988D17555 /* Pods_Comy_iOS.framework */; };
		CCB5A842222BA848E4A30D3D /* Pods_Comy_iOSTests.framework in Frameworks */ = {isa = PBXBuildFile; fileRef = 7512FA05FC630A457D8718CA /* Pods_Comy_iOSTests.framework */; };
/* End PBXBuildFile section */

/* Begin PBXContainerItemProxy section */
		6615B74B2492222E006E2DE9 /* PBXContainerItemProxy */ = {
			isa = PBXContainerItemProxy;
			containerPortal = 6615B7292492222D006E2DE9 /* Project object */;
			proxyType = 1;
			remoteGlobalIDString = 6615B7302492222D006E2DE9;
			remoteInfo = "Comy-iOS";
		};
		6615B7562492222E006E2DE9 /* PBXContainerItemProxy */ = {
			isa = PBXContainerItemProxy;
			containerPortal = 6615B7292492222D006E2DE9 /* Project object */;
			proxyType = 1;
			remoteGlobalIDString = 6615B7302492222D006E2DE9;
			remoteInfo = "Comy-iOS";
		};
/* End PBXContainerItemProxy section */

/* Begin PBXFileReference section */
		0A8B4311477D4174EA6B2FAC /* Pods_Comy_iOS_Comy_iOSUITests.framework */ = {isa = PBXFileReference; explicitFileType = wrapper.framework; includeInIndex = 0; path = Pods_Comy_iOS_Comy_iOSUITests.framework; sourceTree = BUILT_PRODUCTS_DIR; };
		3F0A58066BC0502D709AAADF /* Pods-Comy-iOSTests.release.xcconfig */ = {isa = PBXFileReference; includeInIndex = 1; lastKnownFileType = text.xcconfig; name = "Pods-Comy-iOSTests.release.xcconfig"; path = "Target Support Files/Pods-Comy-iOSTests/Pods-Comy-iOSTests.release.xcconfig"; sourceTree = "<group>"; };
		4B51128177CF500C4A12ADA0 /* Pods-Comy-iOS.release.xcconfig */ = {isa = PBXFileReference; includeInIndex = 1; lastKnownFileType = text.xcconfig; name = "Pods-Comy-iOS.release.xcconfig"; path = "Target Support Files/Pods-Comy-iOS/Pods-Comy-iOS.release.xcconfig"; sourceTree = "<group>"; };
		660F160C2493D465006790BF /* ServerServices.swift */ = {isa = PBXFileReference; lastKnownFileType = sourcecode.swift; path = ServerServices.swift; sourceTree = "<group>"; };
		660F160E2493D913006790BF /* ServerStateResponse.swift */ = {isa = PBXFileReference; lastKnownFileType = sourcecode.swift; path = ServerStateResponse.swift; sourceTree = "<group>"; };
		660F16102493DB18006790BF /* ServerViewModel.swift */ = {isa = PBXFileReference; lastKnownFileType = sourcecode.swift; path = ServerViewModel.swift; sourceTree = "<group>"; };
		661186DA249898FE001BA0AF /* OnboardingController.swift */ = {isa = PBXFileReference; lastKnownFileType = sourcecode.swift; path = OnboardingController.swift; sourceTree = "<group>"; };
		6615B7312492222D006E2DE9 /* Comy.app */ = {isa = PBXFileReference; explicitFileType = wrapper.application; includeInIndex = 0; path = Comy.app; sourceTree = BUILT_PRODUCTS_DIR; };
		6615B7342492222D006E2DE9 /* AppDelegate.swift */ = {isa = PBXFileReference; lastKnownFileType = sourcecode.swift; path = AppDelegate.swift; sourceTree = "<group>"; };
		6615B7362492222D006E2DE9 /* SceneDelegate.swift */ = {isa = PBXFileReference; lastKnownFileType = sourcecode.swift; path = SceneDelegate.swift; sourceTree = "<group>"; };
		6615B73B2492222D006E2DE9 /* Base */ = {isa = PBXFileReference; lastKnownFileType = file.storyboard; name = Base; path = Base.lproj/Main.storyboard; sourceTree = "<group>"; };
		6615B73E2492222D006E2DE9 /* Comy_iOS.xcdatamodel */ = {isa = PBXFileReference; lastKnownFileType = wrapper.xcdatamodel; path = Comy_iOS.xcdatamodel; sourceTree = "<group>"; };
		6615B7402492222E006E2DE9 /* Assets.xcassets */ = {isa = PBXFileReference; lastKnownFileType = folder.assetcatalog; path = Assets.xcassets; sourceTree = "<group>"; };
		6615B7432492222E006E2DE9 /* Base */ = {isa = PBXFileReference; lastKnownFileType = file.storyboard; name = Base; path = Base.lproj/LaunchScreen.storyboard; sourceTree = "<group>"; };
		6615B7452492222E006E2DE9 /* Info.plist */ = {isa = PBXFileReference; lastKnownFileType = text.plist.xml; path = Info.plist; sourceTree = "<group>"; };
		6615B74A2492222E006E2DE9 /* Comy-iOSTests.xctest */ = {isa = PBXFileReference; explicitFileType = wrapper.cfbundle; includeInIndex = 0; path = "Comy-iOSTests.xctest"; sourceTree = BUILT_PRODUCTS_DIR; };
		6615B7502492222E006E2DE9 /* Info.plist */ = {isa = PBXFileReference; lastKnownFileType = text.plist.xml; path = Info.plist; sourceTree = "<group>"; };
		6615B7552492222E006E2DE9 /* Comy-iOSUITests.xctest */ = {isa = PBXFileReference; explicitFileType = wrapper.cfbundle; includeInIndex = 0; path = "Comy-iOSUITests.xctest"; sourceTree = BUILT_PRODUCTS_DIR; };
		6615B75B2492222E006E2DE9 /* Info.plist */ = {isa = PBXFileReference; lastKnownFileType = text.plist.xml; path = Info.plist; sourceTree = "<group>"; };
		6615B76B24923017006E2DE9 /* ServerCommandsController.swift */ = {isa = PBXFileReference; lastKnownFileType = sourcecode.swift; path = ServerCommandsController.swift; sourceTree = "<group>"; };
		6615B76E2492305E006E2DE9 /* Command.swift */ = {isa = PBXFileReference; lastKnownFileType = sourcecode.swift; path = Command.swift; sourceTree = "<group>"; };
		6615B7702492308A006E2DE9 /* CommandResult.swift */ = {isa = PBXFileReference; lastKnownFileType = sourcecode.swift; path = CommandResult.swift; sourceTree = "<group>"; };
		6615B77224923093006E2DE9 /* CommandResultStatus.swift */ = {isa = PBXFileReference; lastKnownFileType = sourcecode.swift; path = CommandResultStatus.swift; sourceTree = "<group>"; };
		6615B7752492311D006E2DE9 /* Message.swift */ = {isa = PBXFileReference; lastKnownFileType = sourcecode.swift; path = Message.swift; sourceTree = "<group>"; };
		6615B7772492314C006E2DE9 /* ExecuteCommandMessage.swift */ = {isa = PBXFileReference; lastKnownFileType = sourcecode.swift; path = ExecuteCommandMessage.swift; sourceTree = "<group>"; };
		6615B7792492322A006E2DE9 /* NeedStateMessage.swift */ = {isa = PBXFileReference; lastKnownFileType = sourcecode.swift; path = NeedStateMessage.swift; sourceTree = "<group>"; };
		6615B77C2492328D006E2DE9 /* Response.swift */ = {isa = PBXFileReference; lastKnownFileType = sourcecode.swift; path = Response.swift; sourceTree = "<group>"; };
		6642203E24976DDD00CD67D8 /* CommandCell.xib */ = {isa = PBXFileReference; lastKnownFileType = file.xib; path = CommandCell.xib; sourceTree = "<group>"; };
		6642204024976E6B00CD67D8 /* CommandCell.swift */ = {isa = PBXFileReference; lastKnownFileType = sourcecode.swift; path = CommandCell.swift; sourceTree = "<group>"; };
		66C8FAAB249BDAFA00397933 /* AuthentificationTokenMessage.swift */ = {isa = PBXFileReference; lastKnownFileType = sourcecode.swift; path = AuthentificationTokenMessage.swift; sourceTree = "<group>"; };
		66C8FAAD249BDB3200397933 /* AuthentificateUserMessage.swift */ = {isa = PBXFileReference; lastKnownFileType = sourcecode.swift; path = AuthentificateUserMessage.swift; sourceTree = "<group>"; };
		66C8FAAF249BDB6100397933 /* RefreshTokenMessage.swift */ = {isa = PBXFileReference; lastKnownFileType = sourcecode.swift; path = RefreshTokenMessage.swift; sourceTree = "<group>"; };
		66C8FAB1249BDC1E00397933 /* AuthentificationResponse.swift */ = {isa = PBXFileReference; lastKnownFileType = sourcecode.swift; path = AuthentificationResponse.swift; sourceTree = "<group>"; };
		66C8FAB3249BDCA700397933 /* ServerInfoResponse.swift */ = {isa = PBXFileReference; lastKnownFileType = sourcecode.swift; path = ServerInfoResponse.swift; sourceTree = "<group>"; };
		66E170F6249CE7670002EDAC /* OnboardingViewModel.swift */ = {isa = PBXFileReference; lastKnownFileType = sourcecode.swift; path = OnboardingViewModel.swift; sourceTree = "<group>"; };
		66E710892498F4EC0022D9EA /* NotificationView.xib */ = {isa = PBXFileReference; lastKnownFileType = file.xib; path = NotificationView.xib; sourceTree = "<group>"; };
		66E7108B2498F6990022D9EA /* NotificationView.swift */ = {isa = PBXFileReference; lastKnownFileType = sourcecode.swift; path = NotificationView.swift; sourceTree = "<group>"; };
		66E7108D249904BA0022D9EA /* CommandResponse.swift */ = {isa = PBXFileReference; lastKnownFileType = sourcecode.swift; path = CommandResponse.swift; sourceTree = "<group>"; };
		66E71093249917FE0022D9EA /* ServerViewModelTest.swift */ = {isa = PBXFileReference; lastKnownFileType = sourcecode.swift; path = ServerViewModelTest.swift; sourceTree = "<group>"; };
		6A17DF704DDB833988D17555 /* Pods_Comy_iOS.framework */ = {isa = PBXFileReference; explicitFileType = wrapper.framework; includeInIndex = 0; path = Pods_Comy_iOS.framework; sourceTree = BUILT_PRODUCTS_DIR; };
		7315928DE9C84BE2AC521E22 /* Pods-Comy-iOSTests.debug.xcconfig */ = {isa = PBXFileReference; includeInIndex = 1; lastKnownFileType = text.xcconfig; name = "Pods-Comy-iOSTests.debug.xcconfig"; path = "Target Support Files/Pods-Comy-iOSTests/Pods-Comy-iOSTests.debug.xcconfig"; sourceTree = "<group>"; };
		7512FA05FC630A457D8718CA /* Pods_Comy_iOSTests.framework */ = {isa = PBXFileReference; explicitFileType = wrapper.framework; includeInIndex = 0; path = Pods_Comy_iOSTests.framework; sourceTree = BUILT_PRODUCTS_DIR; };
		A3089C73125CEE2716EEF6FA /* Pods-Comy-iOS.debug.xcconfig */ = {isa = PBXFileReference; includeInIndex = 1; lastKnownFileType = text.xcconfig; name = "Pods-Comy-iOS.debug.xcconfig"; path = "Target Support Files/Pods-Comy-iOS/Pods-Comy-iOS.debug.xcconfig"; sourceTree = "<group>"; };
		B4220DFE9D4B90397213C463 /* Pods-Comy-iOS-Comy-iOSUITests.release.xcconfig */ = {isa = PBXFileReference; includeInIndex = 1; lastKnownFileType = text.xcconfig; name = "Pods-Comy-iOS-Comy-iOSUITests.release.xcconfig"; path = "Target Support Files/Pods-Comy-iOS-Comy-iOSUITests/Pods-Comy-iOS-Comy-iOSUITests.release.xcconfig"; sourceTree = "<group>"; };
		FB7DAB9463D2047F2007B2AA /* Pods-Comy-iOS-Comy-iOSUITests.debug.xcconfig */ = {isa = PBXFileReference; includeInIndex = 1; lastKnownFileType = text.xcconfig; name = "Pods-Comy-iOS-Comy-iOSUITests.debug.xcconfig"; path = "Target Support Files/Pods-Comy-iOS-Comy-iOSUITests/Pods-Comy-iOS-Comy-iOSUITests.debug.xcconfig"; sourceTree = "<group>"; };
/* End PBXFileReference section */

/* Begin PBXFrameworksBuildPhase section */
		6615B72E2492222D006E2DE9 /* Frameworks */ = {
			isa = PBXFrameworksBuildPhase;
			buildActionMask = 2147483647;
			files = (
				A717272C7577C392AE26B756 /* Pods_Comy_iOS.framework in Frameworks */,
			);
			runOnlyForDeploymentPostprocessing = 0;
		};
		6615B7472492222E006E2DE9 /* Frameworks */ = {
			isa = PBXFrameworksBuildPhase;
			buildActionMask = 2147483647;
			files = (
				CCB5A842222BA848E4A30D3D /* Pods_Comy_iOSTests.framework in Frameworks */,
			);
			runOnlyForDeploymentPostprocessing = 0;
		};
		6615B7522492222E006E2DE9 /* Frameworks */ = {
			isa = PBXFrameworksBuildPhase;
			buildActionMask = 2147483647;
			files = (
				25940474D18F82C45C938F61 /* Pods_Comy_iOS_Comy_iOSUITests.framework in Frameworks */,
			);
			runOnlyForDeploymentPostprocessing = 0;
		};
/* End PBXFrameworksBuildPhase section */

/* Begin PBXGroup section */
		5F29601541FD359E50AB0DE7 /* Frameworks */ = {
			isa = PBXGroup;
			children = (
				6A17DF704DDB833988D17555 /* Pods_Comy_iOS.framework */,
				0A8B4311477D4174EA6B2FAC /* Pods_Comy_iOS_Comy_iOSUITests.framework */,
				7512FA05FC630A457D8718CA /* Pods_Comy_iOSTests.framework */,
			);
			name = Frameworks;
			sourceTree = "<group>";
		};
		661186D8249898C8001BA0AF /* Onboarding */ = {
			isa = PBXGroup;
			children = (
				66E170F8249CE76E0002EDAC /* ViewModels */,
				661186D9249898EA001BA0AF /* Controllers */,
			);
			path = Onboarding;
			sourceTree = "<group>";
		};
		661186D9249898EA001BA0AF /* Controllers */ = {
			isa = PBXGroup;
			children = (
				661186DA249898FE001BA0AF /* OnboardingController.swift */,
			);
			path = Controllers;
			sourceTree = "<group>";
		};
		6615B7282492222D006E2DE9 = {
			isa = PBXGroup;
			children = (
				6615B7332492222D006E2DE9 /* Comy-iOS */,
				6615B74D2492222E006E2DE9 /* Comy-iOSTests */,
				6615B7582492222E006E2DE9 /* Comy-iOSUITests */,
				6615B7322492222D006E2DE9 /* Products */,
				88D81C6C5CBF75AD446C6567 /* Pods */,
				5F29601541FD359E50AB0DE7 /* Frameworks */,
			);
			sourceTree = "<group>";
		};
		6615B7322492222D006E2DE9 /* Products */ = {
			isa = PBXGroup;
			children = (
				6615B7312492222D006E2DE9 /* Comy.app */,
				6615B74A2492222E006E2DE9 /* Comy-iOSTests.xctest */,
				6615B7552492222E006E2DE9 /* Comy-iOSUITests.xctest */,
			);
			name = Products;
			sourceTree = "<group>";
		};
		6615B7332492222D006E2DE9 /* Comy-iOS */ = {
			isa = PBXGroup;
			children = (
				661186D8249898C8001BA0AF /* Onboarding */,
				6615B76A24922FDF006E2DE9 /* Server */,
				6615B76824922C87006E2DE9 /* Models */,
				66E710872498F4B30022D9EA /* Tools */,
				6615B7342492222D006E2DE9 /* AppDelegate.swift */,
				6615B7362492222D006E2DE9 /* SceneDelegate.swift */,
				6615B73A2492222D006E2DE9 /* Main.storyboard */,
				6615B7402492222E006E2DE9 /* Assets.xcassets */,
				6615B7422492222E006E2DE9 /* LaunchScreen.storyboard */,
				6615B7452492222E006E2DE9 /* Info.plist */,
				6615B73D2492222D006E2DE9 /* Comy_iOS.xcdatamodeld */,
			);
			path = "Comy-iOS";
			sourceTree = "<group>";
		};
		6615B74D2492222E006E2DE9 /* Comy-iOSTests */ = {
			isa = PBXGroup;
			children = (
				66E7108F249917650022D9EA /* Server */,
				6615B7502492222E006E2DE9 /* Info.plist */,
			);
			path = "Comy-iOSTests";
			sourceTree = "<group>";
		};
		6615B7582492222E006E2DE9 /* Comy-iOSUITests */ = {
			isa = PBXGroup;
			children = (
				6615B75B2492222E006E2DE9 /* Info.plist */,
			);
			path = "Comy-iOSUITests";
			sourceTree = "<group>";
		};
		6615B76824922C87006E2DE9 /* Models */ = {
			isa = PBXGroup;
			children = (
				6615B76D2492304D006E2DE9 /* Commands */,
				6615B774249230EE006E2DE9 /* Messages */,
				6615B77B24923277006E2DE9 /* Responses */,
			);
			path = Models;
			sourceTree = "<group>";
		};
		6615B76A24922FDF006E2DE9 /* Server */ = {
			isa = PBXGroup;
			children = (
				6642203D24976D8000CD67D8 /* ViewModels */,
				6642203C24976D7A00CD67D8 /* Views */,
				6642203B24976D7100CD67D8 /* Controllers */,
			);
			path = Server;
			sourceTree = "<group>";
		};
		6615B76D2492304D006E2DE9 /* Commands */ = {
			isa = PBXGroup;
			children = (
				6615B76E2492305E006E2DE9 /* Command.swift */,
			);
			path = Commands;
			sourceTree = "<group>";
		};
		6615B774249230EE006E2DE9 /* Messages */ = {
			isa = PBXGroup;
			children = (
				6615B7752492311D006E2DE9 /* Message.swift */,
				6615B7772492314C006E2DE9 /* ExecuteCommandMessage.swift */,
				6615B7792492322A006E2DE9 /* NeedStateMessage.swift */,
				66C8FAAB249BDAFA00397933 /* AuthentificationTokenMessage.swift */,
				66C8FAAD249BDB3200397933 /* AuthentificateUserMessage.swift */,
				66C8FAAF249BDB6100397933 /* RefreshTokenMessage.swift */,
			);
			path = Messages;
			sourceTree = "<group>";
		};
		6615B77B24923277006E2DE9 /* Responses */ = {
			isa = PBXGroup;
			children = (
				6615B77C2492328D006E2DE9 /* Response.swift */,
				66E7108D249904BA0022D9EA /* CommandResponse.swift */,
				6615B7702492308A006E2DE9 /* CommandResult.swift */,
				6615B77224923093006E2DE9 /* CommandResultStatus.swift */,
				660F160E2493D913006790BF /* ServerStateResponse.swift */,
				66C8FAB3249BDCA700397933 /* ServerInfoResponse.swift */,
				66C8FAB1249BDC1E00397933 /* AuthentificationResponse.swift */,
			);
			path = Responses;
			sourceTree = "<group>";
		};
		6642203B24976D7100CD67D8 /* Controllers */ = {
			isa = PBXGroup;
			children = (
				6615B76B24923017006E2DE9 /* ServerCommandsController.swift */,
			);
			path = Controllers;
			sourceTree = "<group>";
		};
		6642203C24976D7A00CD67D8 /* Views */ = {
			isa = PBXGroup;
			children = (
				6642203E24976DDD00CD67D8 /* CommandCell.xib */,
				6642204024976E6B00CD67D8 /* CommandCell.swift */,
			);
			path = Views;
			sourceTree = "<group>";
		};
		6642203D24976D8000CD67D8 /* ViewModels */ = {
			isa = PBXGroup;
			children = (
				660F16102493DB18006790BF /* ServerViewModel.swift */,
				660F160C2493D465006790BF /* ServerServices.swift */,
			);
			path = ViewModels;
			sourceTree = "<group>";
		};
		66E170F8249CE76E0002EDAC /* ViewModels */ = {
			isa = PBXGroup;
			children = (
				66E170F6249CE7670002EDAC /* OnboardingViewModel.swift */,
			);
			path = ViewModels;
			sourceTree = "<group>";
		};
		66E710872498F4B30022D9EA /* Tools */ = {
			isa = PBXGroup;
			children = (
				66E710882498F4C70022D9EA /* Views */,
			);
			path = Tools;
			sourceTree = "<group>";
		};
		66E710882498F4C70022D9EA /* Views */ = {
			isa = PBXGroup;
			children = (
				66E710892498F4EC0022D9EA /* NotificationView.xib */,
				66E7108B2498F6990022D9EA /* NotificationView.swift */,
			);
			path = Views;
			sourceTree = "<group>";
		};
		66E7108F249917650022D9EA /* Server */ = {
			isa = PBXGroup;
			children = (
				66E710902499176B0022D9EA /* ViewModels */,
			);
			path = Server;
			sourceTree = "<group>";
		};
		66E710902499176B0022D9EA /* ViewModels */ = {
			isa = PBXGroup;
			children = (
				66E71093249917FE0022D9EA /* ServerViewModelTest.swift */,
			);
			path = ViewModels;
			sourceTree = "<group>";
		};
		88D81C6C5CBF75AD446C6567 /* Pods */ = {
			isa = PBXGroup;
			children = (
				A3089C73125CEE2716EEF6FA /* Pods-Comy-iOS.debug.xcconfig */,
				4B51128177CF500C4A12ADA0 /* Pods-Comy-iOS.release.xcconfig */,
				FB7DAB9463D2047F2007B2AA /* Pods-Comy-iOS-Comy-iOSUITests.debug.xcconfig */,
				B4220DFE9D4B90397213C463 /* Pods-Comy-iOS-Comy-iOSUITests.release.xcconfig */,
				7315928DE9C84BE2AC521E22 /* Pods-Comy-iOSTests.debug.xcconfig */,
				3F0A58066BC0502D709AAADF /* Pods-Comy-iOSTests.release.xcconfig */,
			);
			path = Pods;
			sourceTree = "<group>";
		};
/* End PBXGroup section */

/* Begin PBXNativeTarget section */
		6615B7302492222D006E2DE9 /* Comy-iOS */ = {
			isa = PBXNativeTarget;
			buildConfigurationList = 6615B75E2492222E006E2DE9 /* Build configuration list for PBXNativeTarget "Comy-iOS" */;
			buildPhases = (
				954DE8AAC5919B20F736713A /* [CP] Check Pods Manifest.lock */,
				6615B72D2492222D006E2DE9 /* Sources */,
				6615B72E2492222D006E2DE9 /* Frameworks */,
				6615B72F2492222D006E2DE9 /* Resources */,
				7484FCBBCE8FC40FC5A61ADD /* [CP] Embed Pods Frameworks */,
			);
			buildRules = (
			);
			dependencies = (
			);
			name = "Comy-iOS";
			productName = "Comy-iOS";
			productReference = 6615B7312492222D006E2DE9 /* Comy.app */;
			productType = "com.apple.product-type.application";
		};
		6615B7492492222E006E2DE9 /* Comy-iOSTests */ = {
			isa = PBXNativeTarget;
			buildConfigurationList = 6615B7612492222E006E2DE9 /* Build configuration list for PBXNativeTarget "Comy-iOSTests" */;
			buildPhases = (
				F61002C67816A212228A1524 /* [CP] Check Pods Manifest.lock */,
				6615B7462492222E006E2DE9 /* Sources */,
				6615B7472492222E006E2DE9 /* Frameworks */,
				6615B7482492222E006E2DE9 /* Resources */,
			);
			buildRules = (
			);
			dependencies = (
				6615B74C2492222E006E2DE9 /* PBXTargetDependency */,
			);
			name = "Comy-iOSTests";
			productName = "Comy-iOSTests";
			productReference = 6615B74A2492222E006E2DE9 /* Comy-iOSTests.xctest */;
			productType = "com.apple.product-type.bundle.unit-test";
		};
		6615B7542492222E006E2DE9 /* Comy-iOSUITests */ = {
			isa = PBXNativeTarget;
			buildConfigurationList = 6615B7642492222E006E2DE9 /* Build configuration list for PBXNativeTarget "Comy-iOSUITests" */;
			buildPhases = (
				969EBE5A0C34D01A8C06C782 /* [CP] Check Pods Manifest.lock */,
				6615B7512492222E006E2DE9 /* Sources */,
				6615B7522492222E006E2DE9 /* Frameworks */,
				6615B7532492222E006E2DE9 /* Resources */,
				E1B048A09C0A3186B5FA7713 /* [CP] Embed Pods Frameworks */,
			);
			buildRules = (
			);
			dependencies = (
				6615B7572492222E006E2DE9 /* PBXTargetDependency */,
			);
			name = "Comy-iOSUITests";
			productName = "Comy-iOSUITests";
			productReference = 6615B7552492222E006E2DE9 /* Comy-iOSUITests.xctest */;
			productType = "com.apple.product-type.bundle.ui-testing";
		};
/* End PBXNativeTarget section */

/* Begin PBXProject section */
		6615B7292492222D006E2DE9 /* Project object */ = {
			isa = PBXProject;
			attributes = {
				LastSwiftUpdateCheck = 1150;
				LastUpgradeCheck = 1150;
				ORGANIZATIONNAME = Quentin;
				TargetAttributes = {
					6615B7302492222D006E2DE9 = {
						CreatedOnToolsVersion = 11.5;
					};
					6615B7492492222E006E2DE9 = {
						CreatedOnToolsVersion = 11.5;
						TestTargetID = 6615B7302492222D006E2DE9;
					};
					6615B7542492222E006E2DE9 = {
						CreatedOnToolsVersion = 11.5;
						TestTargetID = 6615B7302492222D006E2DE9;
					};
				};
			};
			buildConfigurationList = 6615B72C2492222D006E2DE9 /* Build configuration list for PBXProject "Comy-iOS" */;
			compatibilityVersion = "Xcode 9.3";
			developmentRegion = en;
			hasScannedForEncodings = 0;
			knownRegions = (
				en,
				Base,
			);
			mainGroup = 6615B7282492222D006E2DE9;
			productRefGroup = 6615B7322492222D006E2DE9 /* Products */;
			projectDirPath = "";
			projectRoot = "";
			targets = (
				6615B7302492222D006E2DE9 /* Comy-iOS */,
				6615B7492492222E006E2DE9 /* Comy-iOSTests */,
				6615B7542492222E006E2DE9 /* Comy-iOSUITests */,
			);
		};
/* End PBXProject section */

/* Begin PBXResourcesBuildPhase section */
		6615B72F2492222D006E2DE9 /* Resources */ = {
			isa = PBXResourcesBuildPhase;
			buildActionMask = 2147483647;
			files = (
				6615B7442492222E006E2DE9 /* LaunchScreen.storyboard in Resources */,
				6615B7412492222E006E2DE9 /* Assets.xcassets in Resources */,
				6615B73C2492222D006E2DE9 /* Main.storyboard in Resources */,
				6642203F24976DDD00CD67D8 /* CommandCell.xib in Resources */,
				66E7108A2498F4EC0022D9EA /* NotificationView.xib in Resources */,
			);
			runOnlyForDeploymentPostprocessing = 0;
		};
		6615B7482492222E006E2DE9 /* Resources */ = {
			isa = PBXResourcesBuildPhase;
			buildActionMask = 2147483647;
			files = (
			);
			runOnlyForDeploymentPostprocessing = 0;
		};
		6615B7532492222E006E2DE9 /* Resources */ = {
			isa = PBXResourcesBuildPhase;
			buildActionMask = 2147483647;
			files = (
			);
			runOnlyForDeploymentPostprocessing = 0;
		};
/* End PBXResourcesBuildPhase section */

/* Begin PBXShellScriptBuildPhase section */
		7484FCBBCE8FC40FC5A61ADD /* [CP] Embed Pods Frameworks */ = {
			isa = PBXShellScriptBuildPhase;
			buildActionMask = 2147483647;
			files = (
			);
			inputFileListPaths = (
				"${PODS_ROOT}/Target Support Files/Pods-Comy-iOS/Pods-Comy-iOS-frameworks-${CONFIGURATION}-input-files.xcfilelist",
			);
			name = "[CP] Embed Pods Frameworks";
			outputFileListPaths = (
				"${PODS_ROOT}/Target Support Files/Pods-Comy-iOS/Pods-Comy-iOS-frameworks-${CONFIGURATION}-output-files.xcfilelist",
			);
			runOnlyForDeploymentPostprocessing = 0;
			shellPath = /bin/sh;
			shellScript = "\"${PODS_ROOT}/Target Support Files/Pods-Comy-iOS/Pods-Comy-iOS-frameworks.sh\"\n";
			showEnvVarsInLog = 0;
		};
		954DE8AAC5919B20F736713A /* [CP] Check Pods Manifest.lock */ = {
			isa = PBXShellScriptBuildPhase;
			buildActionMask = 2147483647;
			files = (
			);
			inputFileListPaths = (
			);
			inputPaths = (
				"${PODS_PODFILE_DIR_PATH}/Podfile.lock",
				"${PODS_ROOT}/Manifest.lock",
			);
			name = "[CP] Check Pods Manifest.lock";
			outputFileListPaths = (
			);
			outputPaths = (
				"$(DERIVED_FILE_DIR)/Pods-Comy-iOS-checkManifestLockResult.txt",
			);
			runOnlyForDeploymentPostprocessing = 0;
			shellPath = /bin/sh;
			shellScript = "diff \"${PODS_PODFILE_DIR_PATH}/Podfile.lock\" \"${PODS_ROOT}/Manifest.lock\" > /dev/null\nif [ $? != 0 ] ; then\n    # print error to STDERR\n    echo \"error: The sandbox is not in sync with the Podfile.lock. Run 'pod install' or update your CocoaPods installation.\" >&2\n    exit 1\nfi\n# This output is used by Xcode 'outputs' to avoid re-running this script phase.\necho \"SUCCESS\" > \"${SCRIPT_OUTPUT_FILE_0}\"\n";
			showEnvVarsInLog = 0;
		};
		969EBE5A0C34D01A8C06C782 /* [CP] Check Pods Manifest.lock */ = {
			isa = PBXShellScriptBuildPhase;
			buildActionMask = 2147483647;
			files = (
			);
			inputFileListPaths = (
			);
			inputPaths = (
				"${PODS_PODFILE_DIR_PATH}/Podfile.lock",
				"${PODS_ROOT}/Manifest.lock",
			);
			name = "[CP] Check Pods Manifest.lock";
			outputFileListPaths = (
			);
			outputPaths = (
				"$(DERIVED_FILE_DIR)/Pods-Comy-iOS-Comy-iOSUITests-checkManifestLockResult.txt",
			);
			runOnlyForDeploymentPostprocessing = 0;
			shellPath = /bin/sh;
			shellScript = "diff \"${PODS_PODFILE_DIR_PATH}/Podfile.lock\" \"${PODS_ROOT}/Manifest.lock\" > /dev/null\nif [ $? != 0 ] ; then\n    # print error to STDERR\n    echo \"error: The sandbox is not in sync with the Podfile.lock. Run 'pod install' or update your CocoaPods installation.\" >&2\n    exit 1\nfi\n# This output is used by Xcode 'outputs' to avoid re-running this script phase.\necho \"SUCCESS\" > \"${SCRIPT_OUTPUT_FILE_0}\"\n";
			showEnvVarsInLog = 0;
		};
		E1B048A09C0A3186B5FA7713 /* [CP] Embed Pods Frameworks */ = {
			isa = PBXShellScriptBuildPhase;
			buildActionMask = 2147483647;
			files = (
			);
			inputFileListPaths = (
				"${PODS_ROOT}/Target Support Files/Pods-Comy-iOS-Comy-iOSUITests/Pods-Comy-iOS-Comy-iOSUITests-frameworks-${CONFIGURATION}-input-files.xcfilelist",
			);
			name = "[CP] Embed Pods Frameworks";
			outputFileListPaths = (
				"${PODS_ROOT}/Target Support Files/Pods-Comy-iOS-Comy-iOSUITests/Pods-Comy-iOS-Comy-iOSUITests-frameworks-${CONFIGURATION}-output-files.xcfilelist",
			);
			runOnlyForDeploymentPostprocessing = 0;
			shellPath = /bin/sh;
			shellScript = "\"${PODS_ROOT}/Target Support Files/Pods-Comy-iOS-Comy-iOSUITests/Pods-Comy-iOS-Comy-iOSUITests-frameworks.sh\"\n";
			showEnvVarsInLog = 0;
		};
		F61002C67816A212228A1524 /* [CP] Check Pods Manifest.lock */ = {
			isa = PBXShellScriptBuildPhase;
			buildActionMask = 2147483647;
			files = (
			);
			inputFileListPaths = (
			);
			inputPaths = (
				"${PODS_PODFILE_DIR_PATH}/Podfile.lock",
				"${PODS_ROOT}/Manifest.lock",
			);
			name = "[CP] Check Pods Manifest.lock";
			outputFileListPaths = (
			);
			outputPaths = (
				"$(DERIVED_FILE_DIR)/Pods-Comy-iOSTests-checkManifestLockResult.txt",
			);
			runOnlyForDeploymentPostprocessing = 0;
			shellPath = /bin/sh;
			shellScript = "diff \"${PODS_PODFILE_DIR_PATH}/Podfile.lock\" \"${PODS_ROOT}/Manifest.lock\" > /dev/null\nif [ $? != 0 ] ; then\n    # print error to STDERR\n    echo \"error: The sandbox is not in sync with the Podfile.lock. Run 'pod install' or update your CocoaPods installation.\" >&2\n    exit 1\nfi\n# This output is used by Xcode 'outputs' to avoid re-running this script phase.\necho \"SUCCESS\" > \"${SCRIPT_OUTPUT_FILE_0}\"\n";
			showEnvVarsInLog = 0;
		};
/* End PBXShellScriptBuildPhase section */

/* Begin PBXSourcesBuildPhase section */
		6615B72D2492222D006E2DE9 /* Sources */ = {
			isa = PBXSourcesBuildPhase;
			buildActionMask = 2147483647;
			files = (
				6615B77324923093006E2DE9 /* CommandResultStatus.swift in Sources */,
				66C8FAB2249BDC1E00397933 /* AuthentificationResponse.swift in Sources */,
				66C8FAB0249BDB6100397933 /* RefreshTokenMessage.swift in Sources */,
				66C8FAAC249BDAFA00397933 /* AuthentificationTokenMessage.swift in Sources */,
				6615B7782492314C006E2DE9 /* ExecuteCommandMessage.swift in Sources */,
				6615B7352492222D006E2DE9 /* AppDelegate.swift in Sources */,
				6615B77D2492328D006E2DE9 /* Response.swift in Sources */,
				6615B7762492311D006E2DE9 /* Message.swift in Sources */,
				6615B77A2492322A006E2DE9 /* NeedStateMessage.swift in Sources */,
				66E7108C2498F6990022D9EA /* NotificationView.swift in Sources */,
				660F160F2493D913006790BF /* ServerStateResponse.swift in Sources */,
				66E7108E249904BA0022D9EA /* CommandResponse.swift in Sources */,
				660F160D2493D465006790BF /* ServerServices.swift in Sources */,
				660F16112493DB18006790BF /* ServerViewModel.swift in Sources */,
				6615B76C24923017006E2DE9 /* ServerCommandsController.swift in Sources */,
				6642204124976E6B00CD67D8 /* CommandCell.swift in Sources */,
				6615B7372492222D006E2DE9 /* SceneDelegate.swift in Sources */,
				661186DB249898FE001BA0AF /* OnboardingController.swift in Sources */,
				66C8FAAE249BDB3200397933 /* AuthentificateUserMessage.swift in Sources */,
				66E170F7249CE7670002EDAC /* OnboardingViewModel.swift in Sources */,
				6615B7712492308A006E2DE9 /* CommandResult.swift in Sources */,
				66C8FAB4249BDCA700397933 /* ServerInfoResponse.swift in Sources */,
				6615B73F2492222D006E2DE9 /* Comy_iOS.xcdatamodeld in Sources */,
				6615B76F2492305E006E2DE9 /* Command.swift in Sources */,
			);
			runOnlyForDeploymentPostprocessing = 0;
		};
		6615B7462492222E006E2DE9 /* Sources */ = {
			isa = PBXSourcesBuildPhase;
			buildActionMask = 2147483647;
			files = (
				66E71094249917FE0022D9EA /* ServerViewModelTest.swift in Sources */,
			);
			runOnlyForDeploymentPostprocessing = 0;
		};
		6615B7512492222E006E2DE9 /* Sources */ = {
			isa = PBXSourcesBuildPhase;
			buildActionMask = 2147483647;
			files = (
			);
			runOnlyForDeploymentPostprocessing = 0;
		};
/* End PBXSourcesBuildPhase section */

/* Begin PBXTargetDependency section */
		6615B74C2492222E006E2DE9 /* PBXTargetDependency */ = {
			isa = PBXTargetDependency;
			target = 6615B7302492222D006E2DE9 /* Comy-iOS */;
			targetProxy = 6615B74B2492222E006E2DE9 /* PBXContainerItemProxy */;
		};
		6615B7572492222E006E2DE9 /* PBXTargetDependency */ = {
			isa = PBXTargetDependency;
			target = 6615B7302492222D006E2DE9 /* Comy-iOS */;
			targetProxy = 6615B7562492222E006E2DE9 /* PBXContainerItemProxy */;
		};
/* End PBXTargetDependency section */

/* Begin PBXVariantGroup section */
		6615B73A2492222D006E2DE9 /* Main.storyboard */ = {
			isa = PBXVariantGroup;
			children = (
				6615B73B2492222D006E2DE9 /* Base */,
			);
			name = Main.storyboard;
			sourceTree = "<group>";
		};
		6615B7422492222E006E2DE9 /* LaunchScreen.storyboard */ = {
			isa = PBXVariantGroup;
			children = (
				6615B7432492222E006E2DE9 /* Base */,
			);
			name = LaunchScreen.storyboard;
			sourceTree = "<group>";
		};
/* End PBXVariantGroup section */

/* Begin XCBuildConfiguration section */
		6615B75C2492222E006E2DE9 /* Debug */ = {
			isa = XCBuildConfiguration;
			buildSettings = {
				ALWAYS_SEARCH_USER_PATHS = NO;
				CLANG_ANALYZER_NONNULL = YES;
				CLANG_ANALYZER_NUMBER_OBJECT_CONVERSION = YES_AGGRESSIVE;
				CLANG_CXX_LANGUAGE_STANDARD = "gnu++14";
				CLANG_CXX_LIBRARY = "libc++";
				CLANG_ENABLE_MODULES = YES;
				CLANG_ENABLE_OBJC_ARC = YES;
				CLANG_ENABLE_OBJC_WEAK = YES;
				CLANG_WARN_BLOCK_CAPTURE_AUTORELEASING = YES;
				CLANG_WARN_BOOL_CONVERSION = YES;
				CLANG_WARN_COMMA = YES;
				CLANG_WARN_CONSTANT_CONVERSION = YES;
				CLANG_WARN_DEPRECATED_OBJC_IMPLEMENTATIONS = YES;
				CLANG_WARN_DIRECT_OBJC_ISA_USAGE = YES_ERROR;
				CLANG_WARN_DOCUMENTATION_COMMENTS = YES;
				CLANG_WARN_EMPTY_BODY = YES;
				CLANG_WARN_ENUM_CONVERSION = YES;
				CLANG_WARN_INFINITE_RECURSION = YES;
				CLANG_WARN_INT_CONVERSION = YES;
				CLANG_WARN_NON_LITERAL_NULL_CONVERSION = YES;
				CLANG_WARN_OBJC_IMPLICIT_RETAIN_SELF = YES;
				CLANG_WARN_OBJC_LITERAL_CONVERSION = YES;
				CLANG_WARN_OBJC_ROOT_CLASS = YES_ERROR;
				CLANG_WARN_RANGE_LOOP_ANALYSIS = YES;
				CLANG_WARN_STRICT_PROTOTYPES = YES;
				CLANG_WARN_SUSPICIOUS_MOVE = YES;
				CLANG_WARN_UNGUARDED_AVAILABILITY = YES_AGGRESSIVE;
				CLANG_WARN_UNREACHABLE_CODE = YES;
				CLANG_WARN__DUPLICATE_METHOD_MATCH = YES;
				COPY_PHASE_STRIP = NO;
				DEBUG_INFORMATION_FORMAT = dwarf;
				ENABLE_STRICT_OBJC_MSGSEND = YES;
				ENABLE_TESTABILITY = YES;
				GCC_C_LANGUAGE_STANDARD = gnu11;
				GCC_DYNAMIC_NO_PIC = NO;
				GCC_NO_COMMON_BLOCKS = YES;
				GCC_OPTIMIZATION_LEVEL = 0;
				GCC_PREPROCESSOR_DEFINITIONS = (
					"DEBUG=1",
					"$(inherited)",
				);
				GCC_WARN_64_TO_32_BIT_CONVERSION = YES;
				GCC_WARN_ABOUT_RETURN_TYPE = YES_ERROR;
				GCC_WARN_UNDECLARED_SELECTOR = YES;
				GCC_WARN_UNINITIALIZED_AUTOS = YES_AGGRESSIVE;
				GCC_WARN_UNUSED_FUNCTION = YES;
				GCC_WARN_UNUSED_VARIABLE = YES;
				IPHONEOS_DEPLOYMENT_TARGET = 13.5;
				MTL_ENABLE_DEBUG_INFO = INCLUDE_SOURCE;
				MTL_FAST_MATH = YES;
				ONLY_ACTIVE_ARCH = YES;
				SDKROOT = iphoneos;
				SWIFT_ACTIVE_COMPILATION_CONDITIONS = DEBUG;
				SWIFT_OPTIMIZATION_LEVEL = "-Onone";
			};
			name = Debug;
		};
		6615B75D2492222E006E2DE9 /* Release */ = {
			isa = XCBuildConfiguration;
			buildSettings = {
				ALWAYS_SEARCH_USER_PATHS = NO;
				CLANG_ANALYZER_NONNULL = YES;
				CLANG_ANALYZER_NUMBER_OBJECT_CONVERSION = YES_AGGRESSIVE;
				CLANG_CXX_LANGUAGE_STANDARD = "gnu++14";
				CLANG_CXX_LIBRARY = "libc++";
				CLANG_ENABLE_MODULES = YES;
				CLANG_ENABLE_OBJC_ARC = YES;
				CLANG_ENABLE_OBJC_WEAK = YES;
				CLANG_WARN_BLOCK_CAPTURE_AUTORELEASING = YES;
				CLANG_WARN_BOOL_CONVERSION = YES;
				CLANG_WARN_COMMA = YES;
				CLANG_WARN_CONSTANT_CONVERSION = YES;
				CLANG_WARN_DEPRECATED_OBJC_IMPLEMENTATIONS = YES;
				CLANG_WARN_DIRECT_OBJC_ISA_USAGE = YES_ERROR;
				CLANG_WARN_DOCUMENTATION_COMMENTS = YES;
				CLANG_WARN_EMPTY_BODY = YES;
				CLANG_WARN_ENUM_CONVERSION = YES;
				CLANG_WARN_INFINITE_RECURSION = YES;
				CLANG_WARN_INT_CONVERSION = YES;
				CLANG_WARN_NON_LITERAL_NULL_CONVERSION = YES;
				CLANG_WARN_OBJC_IMPLICIT_RETAIN_SELF = YES;
				CLANG_WARN_OBJC_LITERAL_CONVERSION = YES;
				CLANG_WARN_OBJC_ROOT_CLASS = YES_ERROR;
				CLANG_WARN_RANGE_LOOP_ANALYSIS = YES;
				CLANG_WARN_STRICT_PROTOTYPES = YES;
				CLANG_WARN_SUSPICIOUS_MOVE = YES;
				CLANG_WARN_UNGUARDED_AVAILABILITY = YES_AGGRESSIVE;
				CLANG_WARN_UNREACHABLE_CODE = YES;
				CLANG_WARN__DUPLICATE_METHOD_MATCH = YES;
				COPY_PHASE_STRIP = NO;
				DEBUG_INFORMATION_FORMAT = "dwarf-with-dsym";
				ENABLE_NS_ASSERTIONS = NO;
				ENABLE_STRICT_OBJC_MSGSEND = YES;
				GCC_C_LANGUAGE_STANDARD = gnu11;
				GCC_NO_COMMON_BLOCKS = YES;
				GCC_WARN_64_TO_32_BIT_CONVERSION = YES;
				GCC_WARN_ABOUT_RETURN_TYPE = YES_ERROR;
				GCC_WARN_UNDECLARED_SELECTOR = YES;
				GCC_WARN_UNINITIALIZED_AUTOS = YES_AGGRESSIVE;
				GCC_WARN_UNUSED_FUNCTION = YES;
				GCC_WARN_UNUSED_VARIABLE = YES;
				IPHONEOS_DEPLOYMENT_TARGET = 13.5;
				MTL_ENABLE_DEBUG_INFO = NO;
				MTL_FAST_MATH = YES;
				SDKROOT = iphoneos;
				SWIFT_COMPILATION_MODE = wholemodule;
				SWIFT_OPTIMIZATION_LEVEL = "-O";
				VALIDATE_PRODUCT = YES;
			};
			name = Release;
		};
		6615B75F2492222E006E2DE9 /* Debug */ = {
			isa = XCBuildConfiguration;
			baseConfigurationReference = A3089C73125CEE2716EEF6FA /* Pods-Comy-iOS.debug.xcconfig */;
			buildSettings = {
				ASSETCATALOG_COMPILER_APPICON_NAME = AppIcon;
				CODE_SIGN_STYLE = Automatic;
				DEVELOPMENT_TEAM = S7A54AJQ72;
				INFOPLIST_FILE = "Comy-iOS/Info.plist";
				IPHONEOS_DEPLOYMENT_TARGET = 13.0;
				LD_RUNPATH_SEARCH_PATHS = (
					"$(inherited)",
					"@executable_path/Frameworks",
				);
				PRODUCT_BUNDLE_IDENTIFIER = "quentindiebold.Comy-iOS";
				PRODUCT_NAME = Comy;
				SWIFT_VERSION = 5.0;
				TARGETED_DEVICE_FAMILY = "1,2";
			};
			name = Debug;
		};
		6615B7602492222E006E2DE9 /* Release */ = {
			isa = XCBuildConfiguration;
			baseConfigurationReference = 4B51128177CF500C4A12ADA0 /* Pods-Comy-iOS.release.xcconfig */;
			buildSettings = {
				ASSETCATALOG_COMPILER_APPICON_NAME = AppIcon;
				CODE_SIGN_STYLE = Automatic;
				DEVELOPMENT_TEAM = S7A54AJQ72;
				INFOPLIST_FILE = "Comy-iOS/Info.plist";
				IPHONEOS_DEPLOYMENT_TARGET = 13.0;
				LD_RUNPATH_SEARCH_PATHS = (
					"$(inherited)",
					"@executable_path/Frameworks",
				);
				PRODUCT_BUNDLE_IDENTIFIER = "quentindiebold.Comy-iOS";
				PRODUCT_NAME = Comy;
				SWIFT_VERSION = 5.0;
				TARGETED_DEVICE_FAMILY = "1,2";
			};
			name = Release;
		};
		6615B7622492222E006E2DE9 /* Debug */ = {
			isa = XCBuildConfiguration;
			baseConfigurationReference = 7315928DE9C84BE2AC521E22 /* Pods-Comy-iOSTests.debug.xcconfig */;
			buildSettings = {
				ALWAYS_EMBED_SWIFT_STANDARD_LIBRARIES = YES;
				BUNDLE_LOADER = "$(TEST_HOST)";
				CODE_SIGN_STYLE = Automatic;
				DEVELOPMENT_TEAM = S7A54AJQ72;
				INFOPLIST_FILE = "Comy-iOSTests/Info.plist";
				IPHONEOS_DEPLOYMENT_TARGET = 13.5;
				LD_RUNPATH_SEARCH_PATHS = (
					"$(inherited)",
					"@executable_path/Frameworks",
					"@loader_path/Frameworks",
				);
				PRODUCT_BUNDLE_IDENTIFIER = "quentindiebold.Comy-iOSTests";
				PRODUCT_NAME = "$(TARGET_NAME)";
				SWIFT_VERSION = 5.0;
				TARGETED_DEVICE_FAMILY = "1,2";
				TEST_HOST = "$(BUILT_PRODUCTS_DIR)/Comy-iOS.app/Comy-iOS";
			};
			name = Debug;
		};
		6615B7632492222E006E2DE9 /* Release */ = {
			isa = XCBuildConfiguration;
			baseConfigurationReference = 3F0A58066BC0502D709AAADF /* Pods-Comy-iOSTests.release.xcconfig */;
			buildSettings = {
				ALWAYS_EMBED_SWIFT_STANDARD_LIBRARIES = YES;
				BUNDLE_LOADER = "$(TEST_HOST)";
				CODE_SIGN_STYLE = Automatic;
				DEVELOPMENT_TEAM = S7A54AJQ72;
				INFOPLIST_FILE = "Comy-iOSTests/Info.plist";
				IPHONEOS_DEPLOYMENT_TARGET = 13.5;
				LD_RUNPATH_SEARCH_PATHS = (
					"$(inherited)",
					"@executable_path/Frameworks",
					"@loader_path/Frameworks",
				);
				PRODUCT_BUNDLE_IDENTIFIER = "quentindiebold.Comy-iOSTests";
				PRODUCT_NAME = "$(TARGET_NAME)";
				SWIFT_VERSION = 5.0;
				TARGETED_DEVICE_FAMILY = "1,2";
				TEST_HOST = "$(BUILT_PRODUCTS_DIR)/Comy-iOS.app/Comy-iOS";
			};
			name = Release;
		};
		6615B7652492222E006E2DE9 /* Debug */ = {
			isa = XCBuildConfiguration;
			baseConfigurationReference = FB7DAB9463D2047F2007B2AA /* Pods-Comy-iOS-Comy-iOSUITests.debug.xcconfig */;
			buildSettings = {
				ALWAYS_EMBED_SWIFT_STANDARD_LIBRARIES = YES;
				CODE_SIGN_STYLE = Automatic;
				DEVELOPMENT_TEAM = S7A54AJQ72;
				INFOPLIST_FILE = "Comy-iOSUITests/Info.plist";
				LD_RUNPATH_SEARCH_PATHS = (
					"$(inherited)",
					"@executable_path/Frameworks",
					"@loader_path/Frameworks",
				);
				PRODUCT_BUNDLE_IDENTIFIER = "quentindiebold.Comy-iOSUITests";
				PRODUCT_NAME = "$(TARGET_NAME)";
				SWIFT_VERSION = 5.0;
				TARGETED_DEVICE_FAMILY = "1,2";
				TEST_TARGET_NAME = "Comy-iOS";
			};
			name = Debug;
		};
		6615B7662492222E006E2DE9 /* Release */ = {
			isa = XCBuildConfiguration;
			baseConfigurationReference = B4220DFE9D4B90397213C463 /* Pods-Comy-iOS-Comy-iOSUITests.release.xcconfig */;
			buildSettings = {
				ALWAYS_EMBED_SWIFT_STANDARD_LIBRARIES = YES;
				CODE_SIGN_STYLE = Automatic;
				DEVELOPMENT_TEAM = S7A54AJQ72;
				INFOPLIST_FILE = "Comy-iOSUITests/Info.plist";
				LD_RUNPATH_SEARCH_PATHS = (
					"$(inherited)",
					"@executable_path/Frameworks",
					"@loader_path/Frameworks",
				);
				PRODUCT_BUNDLE_IDENTIFIER = "quentindiebold.Comy-iOSUITests";
				PRODUCT_NAME = "$(TARGET_NAME)";
				SWIFT_VERSION = 5.0;
				TARGETED_DEVICE_FAMILY = "1,2";
				TEST_TARGET_NAME = "Comy-iOS";
			};
			name = Release;
		};
/* End XCBuildConfiguration section */

/* Begin XCConfigurationList section */
		6615B72C2492222D006E2DE9 /* Build configuration list for PBXProject "Comy-iOS" */ = {
			isa = XCConfigurationList;
			buildConfigurations = (
				6615B75C2492222E006E2DE9 /* Debug */,
				6615B75D2492222E006E2DE9 /* Release */,
			);
			defaultConfigurationIsVisible = 0;
			defaultConfigurationName = Release;
		};
		6615B75E2492222E006E2DE9 /* Build configuration list for PBXNativeTarget "Comy-iOS" */ = {
			isa = XCConfigurationList;
			buildConfigurations = (
				6615B75F2492222E006E2DE9 /* Debug */,
				6615B7602492222E006E2DE9 /* Release */,
			);
			defaultConfigurationIsVisible = 0;
			defaultConfigurationName = Release;
		};
		6615B7612492222E006E2DE9 /* Build configuration list for PBXNativeTarget "Comy-iOSTests" */ = {
			isa = XCConfigurationList;
			buildConfigurations = (
				6615B7622492222E006E2DE9 /* Debug */,
				6615B7632492222E006E2DE9 /* Release */,
			);
			defaultConfigurationIsVisible = 0;
			defaultConfigurationName = Release;
		};
		6615B7642492222E006E2DE9 /* Build configuration list for PBXNativeTarget "Comy-iOSUITests" */ = {
			isa = XCConfigurationList;
			buildConfigurations = (
				6615B7652492222E006E2DE9 /* Debug */,
				6615B7662492222E006E2DE9 /* Release */,
			);
			defaultConfigurationIsVisible = 0;
			defaultConfigurationName = Release;
		};
/* End XCConfigurationList section */

/* Begin XCVersionGroup section */
		6615B73D2492222D006E2DE9 /* Comy_iOS.xcdatamodeld */ = {
			isa = XCVersionGroup;
			children = (
				6615B73E2492222D006E2DE9 /* Comy_iOS.xcdatamodel */,
			);
			currentVersion = 6615B73E2492222D006E2DE9 /* Comy_iOS.xcdatamodel */;
			path = Comy_iOS.xcdatamodeld;
			sourceTree = "<group>";
			versionGroupType = wrapper.xcdatamodel;
		};
/* End XCVersionGroup section */
	};
	rootObject = 6615B7292492222D006E2DE9 /* Project object */;
}
