// !$*UTF8*$!
{
	archiveVersion = 1;
	classes = {
	};
	objectVersion = 51;
	objects = {

/* Begin PBXBuildFile section */
		02A6507849D456E83E0C67D3 /* Pods_ComyTests.framework in Frameworks */ = {isa = PBXBuildFile; fileRef = B2A34D2BF8DD3F2E642B4477 /* Pods_ComyTests.framework */; };
		5D3E0C3A0DAE387F39F330B5 /* Pods_ComyUITests.framework in Frameworks */ = {isa = PBXBuildFile; fileRef = 690CB029B14843CB68FA22DD /* Pods_ComyUITests.framework */; };
		660F160D2493D465006790BF /* ServerServices.swift in Sources */ = {isa = PBXBuildFile; fileRef = 660F160C2493D465006790BF /* ServerServices.swift */; };
		660F160F2493D913006790BF /* ServerStateResponse.swift in Sources */ = {isa = PBXBuildFile; fileRef = 660F160E2493D913006790BF /* ServerStateResponse.swift */; };
		660F16112493DB18006790BF /* ServerViewModel.swift in Sources */ = {isa = PBXBuildFile; fileRef = 660F16102493DB18006790BF /* ServerViewModel.swift */; };
		661186DB249898FE001BA0AF /* OnboardingController.swift in Sources */ = {isa = PBXBuildFile; fileRef = 661186DA249898FE001BA0AF /* OnboardingController.swift */; };
		6615B7352492222D006E2DE9 /* AppDelegate.swift in Sources */ = {isa = PBXBuildFile; fileRef = 6615B7342492222D006E2DE9 /* AppDelegate.swift */; };
		6615B7372492222D006E2DE9 /* SceneDelegate.swift in Sources */ = {isa = PBXBuildFile; fileRef = 6615B7362492222D006E2DE9 /* SceneDelegate.swift */; };
		6615B73C2492222D006E2DE9 /* Main.storyboard in Resources */ = {isa = PBXBuildFile; fileRef = 6615B73A2492222D006E2DE9 /* Main.storyboard */; };
		6615B73F2492222D006E2DE9 /* Comy_iOS.xcdatamodeld in Sources */ = {isa = PBXBuildFile; fileRef = 6615B73D2492222D006E2DE9 /* Comy_iOS.xcdatamodeld */; };
		6615B7412492222E006E2DE9 /* Assets.xcassets in Resources */ = {isa = PBXBuildFile; fileRef = 6615B7402492222E006E2DE9 /* Assets.xcassets */; };
		6615B7442492222E006E2DE9 /* LaunchScreen.storyboard in Resources */ = {isa = PBXBuildFile; fileRef = 6615B7422492222E006E2DE9 /* LaunchScreen.storyboard */; };
		6615B76C24923017006E2DE9 /* ServerCommandsController.swift in Sources */ = {isa = PBXBuildFile; fileRef = 6615B76B24923017006E2DE9 /* ServerCommandsController.swift */; };
		6615B76F2492305E006E2DE9 /* Command.swift in Sources */ = {isa = PBXBuildFile; fileRef = 6615B76E2492305E006E2DE9 /* Command.swift */; };
		6615B7712492308A006E2DE9 /* CommandResult.swift in Sources */ = {isa = PBXBuildFile; fileRef = 6615B7702492308A006E2DE9 /* CommandResult.swift */; };
		6615B77324923093006E2DE9 /* CommandResultStatus.swift in Sources */ = {isa = PBXBuildFile; fileRef = 6615B77224923093006E2DE9 /* CommandResultStatus.swift */; };
		6615B7762492311D006E2DE9 /* Message.swift in Sources */ = {isa = PBXBuildFile; fileRef = 6615B7752492311D006E2DE9 /* Message.swift */; };
		6615B7782492314C006E2DE9 /* ExecuteCommandMessage.swift in Sources */ = {isa = PBXBuildFile; fileRef = 6615B7772492314C006E2DE9 /* ExecuteCommandMessage.swift */; };
		6615B77A2492322A006E2DE9 /* NeedStateMessage.swift in Sources */ = {isa = PBXBuildFile; fileRef = 6615B7792492322A006E2DE9 /* NeedStateMessage.swift */; };
		6615B77D2492328D006E2DE9 /* Response.swift in Sources */ = {isa = PBXBuildFile; fileRef = 6615B77C2492328D006E2DE9 /* Response.swift */; };
		6642203F24976DDD00CD67D8 /* CommandCell.xib in Resources */ = {isa = PBXBuildFile; fileRef = 6642203E24976DDD00CD67D8 /* CommandCell.xib */; };
		6642204124976E6B00CD67D8 /* CommandCell.swift in Sources */ = {isa = PBXBuildFile; fileRef = 6642204024976E6B00CD67D8 /* CommandCell.swift */; };
		6650F87B24AA13F000FC967A /* BooleanSettingCell.xib in Resources */ = {isa = PBXBuildFile; fileRef = 6650F87A24AA13F000FC967A /* BooleanSettingCell.xib */; };
		6650F87D24AA14AD00FC967A /* BooleanSettingCell.swift in Sources */ = {isa = PBXBuildFile; fileRef = 6650F87C24AA14AD00FC967A /* BooleanSettingCell.swift */; };
		66600B1C24A0BBBF00374BEB /* LoginController.swift in Sources */ = {isa = PBXBuildFile; fileRef = 66600B1B24A0BBBF00374BEB /* LoginController.swift */; };
		66600B1E24A0BFE800374BEB /* TopRoundedView.swift in Sources */ = {isa = PBXBuildFile; fileRef = 66600B1D24A0BFE800374BEB /* TopRoundedView.swift */; };
		66600B2024A0C11300374BEB /* BeautifulTextField.swift in Sources */ = {isa = PBXBuildFile; fileRef = 66600B1F24A0C11300374BEB /* BeautifulTextField.swift */; };
		66600B2224A0C14000374BEB /* BeautifulTextField.xib in Resources */ = {isa = PBXBuildFile; fileRef = 66600B2124A0C14000374BEB /* BeautifulTextField.xib */; };
		66600B2424A0CA3E00374BEB /* RoundedView.swift in Sources */ = {isa = PBXBuildFile; fileRef = 66600B2324A0CA3E00374BEB /* RoundedView.swift */; };
		6679BB5A24A25A7400064894 /* CommandParameter.swift in Sources */ = {isa = PBXBuildFile; fileRef = 6679BB5924A25A7400064894 /* CommandParameter.swift */; };
		66C14FDC24A34A03000917D1 /* ComyUITests.swift in Sources */ = {isa = PBXBuildFile; fileRef = 66C14FDB24A34A03000917D1 /* ComyUITests.swift */; };
		66C14FE424A34B2D000917D1 /* ServerViewModelTest.swift in Sources */ = {isa = PBXBuildFile; fileRef = 66C14FE324A34B2D000917D1 /* ServerViewModelTest.swift */; };
		66C14FE624A357BB000917D1 /* IntegerSelector.xib in Resources */ = {isa = PBXBuildFile; fileRef = 66C14FE524A357BB000917D1 /* IntegerSelector.xib */; };
		66C14FE824A35882000917D1 /* IntegerSelector.swift in Sources */ = {isa = PBXBuildFile; fileRef = 66C14FE724A35882000917D1 /* IntegerSelector.swift */; };
		66C20F6324A4A949007369F3 /* IntegerSettingCell.swift in Sources */ = {isa = PBXBuildFile; fileRef = 66C20F6224A4A949007369F3 /* IntegerSettingCell.swift */; };
		66C20F6524A4A95C007369F3 /* IntegerSettingCell.xib in Resources */ = {isa = PBXBuildFile; fileRef = 66C20F6424A4A95C007369F3 /* IntegerSettingCell.xib */; };
		66C20F6724A4AAAD007369F3 /* CommandParamsController.swift in Sources */ = {isa = PBXBuildFile; fileRef = 66C20F6624A4AAAD007369F3 /* CommandParamsController.swift */; };
		66C20F6924A4AD07007369F3 /* SettingCell.swift in Sources */ = {isa = PBXBuildFile; fileRef = 66C20F6824A4AD07007369F3 /* SettingCell.swift */; };
		66C8FAAC249BDAFA00397933 /* AuthenticationTokenMessage.swift in Sources */ = {isa = PBXBuildFile; fileRef = 66C8FAAB249BDAFA00397933 /* AuthenticationTokenMessage.swift */; };
		66C8FAAE249BDB3200397933 /* AuthenticateUserMessage.swift in Sources */ = {isa = PBXBuildFile; fileRef = 66C8FAAD249BDB3200397933 /* AuthenticateUserMessage.swift */; };
		66C8FAB0249BDB6100397933 /* RefreshTokenMessage.swift in Sources */ = {isa = PBXBuildFile; fileRef = 66C8FAAF249BDB6100397933 /* RefreshTokenMessage.swift */; };
		66C8FAB2249BDC1E00397933 /* AuthenticationResponse.swift in Sources */ = {isa = PBXBuildFile; fileRef = 66C8FAB1249BDC1E00397933 /* AuthenticationResponse.swift */; };
		66C8FAB4249BDCA700397933 /* ServerInfoResponse.swift in Sources */ = {isa = PBXBuildFile; fileRef = 66C8FAB3249BDCA700397933 /* ServerInfoResponse.swift */; };
		66E170F7249CE7670002EDAC /* OnboardingViewModel.swift in Sources */ = {isa = PBXBuildFile; fileRef = 66E170F6249CE7670002EDAC /* OnboardingViewModel.swift */; };
		66E7108A2498F4EC0022D9EA /* NotificationView.xib in Resources */ = {isa = PBXBuildFile; fileRef = 66E710892498F4EC0022D9EA /* NotificationView.xib */; };
		66E7108C2498F6990022D9EA /* NotificationView.swift in Sources */ = {isa = PBXBuildFile; fileRef = 66E7108B2498F6990022D9EA /* NotificationView.swift */; };
		66E7108E249904BA0022D9EA /* CommandResponse.swift in Sources */ = {isa = PBXBuildFile; fileRef = 66E7108D249904BA0022D9EA /* CommandResponse.swift */; };
		66EE640424AB642C007367EB /* LoadingController.swift in Sources */ = {isa = PBXBuildFile; fileRef = 66EE640324AB642C007367EB /* LoadingController.swift */; };
		66EE640C24AB7863007367EB /* ServerCredentials.swift in Sources */ = {isa = PBXBuildFile; fileRef = 66EE640B24AB7863007367EB /* ServerCredentials.swift */; };
		A717272C7577C392AE26B756 /* Pods_Comy_iOS.framework in Frameworks */ = {isa = PBXBuildFile; fileRef = 6A17DF704DDB833988D17555 /* Pods_Comy_iOS.framework */; };
/* End PBXBuildFile section */

/* Begin PBXContainerItemProxy section */
		66C14FD024A349F5000917D1 /* PBXContainerItemProxy */ = {
			isa = PBXContainerItemProxy;
			containerPortal = 6615B7292492222D006E2DE9 /* Project object */;
			proxyType = 1;
			remoteGlobalIDString = 6615B7302492222D006E2DE9;
			remoteInfo = "Comy-iOS";
		};
		66C14FDE24A34A03000917D1 /* PBXContainerItemProxy */ = {
			isa = PBXContainerItemProxy;
			containerPortal = 6615B7292492222D006E2DE9 /* Project object */;
			proxyType = 1;
			remoteGlobalIDString = 6615B7302492222D006E2DE9;
			remoteInfo = "Comy-iOS";
		};
/* End PBXContainerItemProxy section */

/* Begin PBXFileReference section */
		203B17A0B4A0B9C5B9329152 /* Pods-Comy-iOSUITests.release.xcconfig */ = {isa = PBXFileReference; includeInIndex = 1; lastKnownFileType = text.xcconfig; name = "Pods-Comy-iOSUITests.release.xcconfig"; path = "Target Support Files/Pods-Comy-iOSUITests/Pods-Comy-iOSUITests.release.xcconfig"; sourceTree = "<group>"; };
		2B18CA682F8837896EB4631B /* Pods_Comy_iOSUITests.framework */ = {isa = PBXFileReference; explicitFileType = wrapper.framework; includeInIndex = 0; path = Pods_Comy_iOSUITests.framework; sourceTree = BUILT_PRODUCTS_DIR; };
		3F0A58066BC0502D709AAADF /* Pods-Comy-iOSTests.release.xcconfig */ = {isa = PBXFileReference; includeInIndex = 1; lastKnownFileType = text.xcconfig; name = "Pods-Comy-iOSTests.release.xcconfig"; path = "Target Support Files/Pods-Comy-iOSTests/Pods-Comy-iOSTests.release.xcconfig"; sourceTree = "<group>"; };
		4B51128177CF500C4A12ADA0 /* Pods-Comy-iOS.release.xcconfig */ = {isa = PBXFileReference; includeInIndex = 1; lastKnownFileType = text.xcconfig; name = "Pods-Comy-iOS.release.xcconfig"; path = "Target Support Files/Pods-Comy-iOS/Pods-Comy-iOS.release.xcconfig"; sourceTree = "<group>"; };
		660F160C2493D465006790BF /* ServerServices.swift */ = {isa = PBXFileReference; lastKnownFileType = sourcecode.swift; path = ServerServices.swift; sourceTree = "<group>"; };
		660F160E2493D913006790BF /* ServerStateResponse.swift */ = {isa = PBXFileReference; lastKnownFileType = sourcecode.swift; path = ServerStateResponse.swift; sourceTree = "<group>"; };
		660F16102493DB18006790BF /* ServerViewModel.swift */ = {isa = PBXFileReference; lastKnownFileType = sourcecode.swift; path = ServerViewModel.swift; sourceTree = "<group>"; };
		661186DA249898FE001BA0AF /* OnboardingController.swift */ = {isa = PBXFileReference; lastKnownFileType = sourcecode.swift; path = OnboardingController.swift; sourceTree = "<group>"; };
		6615B7312492222D006E2DE9 /* Comy.app */ = {isa = PBXFileReference; explicitFileType = wrapper.application; includeInIndex = 0; path = Comy.app; sourceTree = BUILT_PRODUCTS_DIR; };
		6615B7342492222D006E2DE9 /* AppDelegate.swift */ = {isa = PBXFileReference; lastKnownFileType = sourcecode.swift; path = AppDelegate.swift; sourceTree = "<group>"; };
		6615B7362492222D006E2DE9 /* SceneDelegate.swift */ = {isa = PBXFileReference; lastKnownFileType = sourcecode.swift; path = SceneDelegate.swift; sourceTree = "<group>"; };
		6615B73B2492222D006E2DE9 /* Base */ = {isa = PBXFileReference; lastKnownFileType = file.storyboard; name = Base; path = Base.lproj/Main.storyboard; sourceTree = "<group>"; };
		6615B73E2492222D006E2DE9 /* Comy_iOS.xcdatamodel */ = {isa = PBXFileReference; lastKnownFileType = wrapper.xcdatamodel; path = Comy_iOS.xcdatamodel; sourceTree = "<group>"; };
		6615B7402492222E006E2DE9 /* Assets.xcassets */ = {isa = PBXFileReference; lastKnownFileType = folder.assetcatalog; path = Assets.xcassets; sourceTree = "<group>"; };
		6615B7432492222E006E2DE9 /* Base */ = {isa = PBXFileReference; lastKnownFileType = file.storyboard; name = Base; path = Base.lproj/LaunchScreen.storyboard; sourceTree = "<group>"; };
		6615B7452492222E006E2DE9 /* Info.plist */ = {isa = PBXFileReference; lastKnownFileType = text.plist.xml; path = Info.plist; sourceTree = "<group>"; };
		6615B76B24923017006E2DE9 /* ServerCommandsController.swift */ = {isa = PBXFileReference; lastKnownFileType = sourcecode.swift; path = ServerCommandsController.swift; sourceTree = "<group>"; };
		6615B76E2492305E006E2DE9 /* Command.swift */ = {isa = PBXFileReference; lastKnownFileType = sourcecode.swift; path = Command.swift; sourceTree = "<group>"; };
		6615B7702492308A006E2DE9 /* CommandResult.swift */ = {isa = PBXFileReference; lastKnownFileType = sourcecode.swift; path = CommandResult.swift; sourceTree = "<group>"; };
		6615B77224923093006E2DE9 /* CommandResultStatus.swift */ = {isa = PBXFileReference; lastKnownFileType = sourcecode.swift; path = CommandResultStatus.swift; sourceTree = "<group>"; };
		6615B7752492311D006E2DE9 /* Message.swift */ = {isa = PBXFileReference; lastKnownFileType = sourcecode.swift; path = Message.swift; sourceTree = "<group>"; };
		6615B7772492314C006E2DE9 /* ExecuteCommandMessage.swift */ = {isa = PBXFileReference; lastKnownFileType = sourcecode.swift; path = ExecuteCommandMessage.swift; sourceTree = "<group>"; };
		6615B7792492322A006E2DE9 /* NeedStateMessage.swift */ = {isa = PBXFileReference; lastKnownFileType = sourcecode.swift; path = NeedStateMessage.swift; sourceTree = "<group>"; };
		6615B77C2492328D006E2DE9 /* Response.swift */ = {isa = PBXFileReference; lastKnownFileType = sourcecode.swift; path = Response.swift; sourceTree = "<group>"; };
		6642203E24976DDD00CD67D8 /* CommandCell.xib */ = {isa = PBXFileReference; lastKnownFileType = file.xib; path = CommandCell.xib; sourceTree = "<group>"; };
		6642204024976E6B00CD67D8 /* CommandCell.swift */ = {isa = PBXFileReference; lastKnownFileType = sourcecode.swift; path = CommandCell.swift; sourceTree = "<group>"; };
		6650F87A24AA13F000FC967A /* BooleanSettingCell.xib */ = {isa = PBXFileReference; lastKnownFileType = file.xib; path = BooleanSettingCell.xib; sourceTree = "<group>"; };
		6650F87C24AA14AD00FC967A /* BooleanSettingCell.swift */ = {isa = PBXFileReference; lastKnownFileType = sourcecode.swift; path = BooleanSettingCell.swift; sourceTree = "<group>"; };
		66600B1B24A0BBBF00374BEB /* LoginController.swift */ = {isa = PBXFileReference; lastKnownFileType = sourcecode.swift; path = LoginController.swift; sourceTree = "<group>"; };
		66600B1D24A0BFE800374BEB /* TopRoundedView.swift */ = {isa = PBXFileReference; lastKnownFileType = sourcecode.swift; path = TopRoundedView.swift; sourceTree = "<group>"; };
		66600B1F24A0C11300374BEB /* BeautifulTextField.swift */ = {isa = PBXFileReference; lastKnownFileType = sourcecode.swift; path = BeautifulTextField.swift; sourceTree = "<group>"; };
		66600B2124A0C14000374BEB /* BeautifulTextField.xib */ = {isa = PBXFileReference; lastKnownFileType = file.xib; path = BeautifulTextField.xib; sourceTree = "<group>"; };
		66600B2324A0CA3E00374BEB /* RoundedView.swift */ = {isa = PBXFileReference; lastKnownFileType = sourcecode.swift; path = RoundedView.swift; sourceTree = "<group>"; };
		6679BB5924A25A7400064894 /* CommandParameter.swift */ = {isa = PBXFileReference; lastKnownFileType = sourcecode.swift; path = CommandParameter.swift; sourceTree = "<group>"; };
		66C14FCB24A349F5000917D1 /* ComyTests.xctest */ = {isa = PBXFileReference; explicitFileType = wrapper.cfbundle; includeInIndex = 0; path = ComyTests.xctest; sourceTree = BUILT_PRODUCTS_DIR; };
		66C14FCF24A349F5000917D1 /* Info.plist */ = {isa = PBXFileReference; lastKnownFileType = text.plist.xml; path = Info.plist; sourceTree = "<group>"; };
		66C14FD924A34A03000917D1 /* ComyUITests.xctest */ = {isa = PBXFileReference; explicitFileType = wrapper.cfbundle; includeInIndex = 0; path = ComyUITests.xctest; sourceTree = BUILT_PRODUCTS_DIR; };
		66C14FDB24A34A03000917D1 /* ComyUITests.swift */ = {isa = PBXFileReference; lastKnownFileType = sourcecode.swift; path = ComyUITests.swift; sourceTree = "<group>"; };
		66C14FDD24A34A03000917D1 /* Info.plist */ = {isa = PBXFileReference; lastKnownFileType = text.plist.xml; path = Info.plist; sourceTree = "<group>"; };
		66C14FE324A34B2D000917D1 /* ServerViewModelTest.swift */ = {isa = PBXFileReference; lastKnownFileType = sourcecode.swift; path = ServerViewModelTest.swift; sourceTree = "<group>"; };
		66C14FE524A357BB000917D1 /* IntegerSelector.xib */ = {isa = PBXFileReference; lastKnownFileType = file.xib; path = IntegerSelector.xib; sourceTree = "<group>"; };
		66C14FE724A35882000917D1 /* IntegerSelector.swift */ = {isa = PBXFileReference; lastKnownFileType = sourcecode.swift; path = IntegerSelector.swift; sourceTree = "<group>"; };
		66C20F6224A4A949007369F3 /* IntegerSettingCell.swift */ = {isa = PBXFileReference; lastKnownFileType = sourcecode.swift; path = IntegerSettingCell.swift; sourceTree = "<group>"; };
		66C20F6424A4A95C007369F3 /* IntegerSettingCell.xib */ = {isa = PBXFileReference; lastKnownFileType = file.xib; path = IntegerSettingCell.xib; sourceTree = "<group>"; };
		66C20F6624A4AAAD007369F3 /* CommandParamsController.swift */ = {isa = PBXFileReference; lastKnownFileType = sourcecode.swift; path = CommandParamsController.swift; sourceTree = "<group>"; };
		66C20F6824A4AD07007369F3 /* SettingCell.swift */ = {isa = PBXFileReference; lastKnownFileType = sourcecode.swift; path = SettingCell.swift; sourceTree = "<group>"; };
		66C8FAAB249BDAFA00397933 /* AuthenticationTokenMessage.swift */ = {isa = PBXFileReference; lastKnownFileType = sourcecode.swift; path = AuthenticationTokenMessage.swift; sourceTree = "<group>"; };
		66C8FAAD249BDB3200397933 /* AuthenticateUserMessage.swift */ = {isa = PBXFileReference; lastKnownFileType = sourcecode.swift; path = AuthenticateUserMessage.swift; sourceTree = "<group>"; };
		66C8FAAF249BDB6100397933 /* RefreshTokenMessage.swift */ = {isa = PBXFileReference; lastKnownFileType = sourcecode.swift; path = RefreshTokenMessage.swift; sourceTree = "<group>"; };
		66C8FAB1249BDC1E00397933 /* AuthenticationResponse.swift */ = {isa = PBXFileReference; lastKnownFileType = sourcecode.swift; path = AuthenticationResponse.swift; sourceTree = "<group>"; };
		66C8FAB3249BDCA700397933 /* ServerInfoResponse.swift */ = {isa = PBXFileReference; lastKnownFileType = sourcecode.swift; path = ServerInfoResponse.swift; sourceTree = "<group>"; };
		66E170F6249CE7670002EDAC /* OnboardingViewModel.swift */ = {isa = PBXFileReference; lastKnownFileType = sourcecode.swift; path = OnboardingViewModel.swift; sourceTree = "<group>"; };
		66E710892498F4EC0022D9EA /* NotificationView.xib */ = {isa = PBXFileReference; lastKnownFileType = file.xib; path = NotificationView.xib; sourceTree = "<group>"; };
		66E7108B2498F6990022D9EA /* NotificationView.swift */ = {isa = PBXFileReference; lastKnownFileType = sourcecode.swift; path = NotificationView.swift; sourceTree = "<group>"; };
		66E7108D249904BA0022D9EA /* CommandResponse.swift */ = {isa = PBXFileReference; lastKnownFileType = sourcecode.swift; path = CommandResponse.swift; sourceTree = "<group>"; };
		66EE640324AB642C007367EB /* LoadingController.swift */ = {isa = PBXFileReference; lastKnownFileType = sourcecode.swift; path = LoadingController.swift; sourceTree = "<group>"; };
		66EE640B24AB7863007367EB /* ServerCredentials.swift */ = {isa = PBXFileReference; lastKnownFileType = sourcecode.swift; path = ServerCredentials.swift; sourceTree = "<group>"; };
		690CB029B14843CB68FA22DD /* Pods_ComyUITests.framework */ = {isa = PBXFileReference; explicitFileType = wrapper.framework; includeInIndex = 0; path = Pods_ComyUITests.framework; sourceTree = BUILT_PRODUCTS_DIR; };
		6A17DF704DDB833988D17555 /* Pods_Comy_iOS.framework */ = {isa = PBXFileReference; explicitFileType = wrapper.framework; includeInIndex = 0; path = Pods_Comy_iOS.framework; sourceTree = BUILT_PRODUCTS_DIR; };
		7315928DE9C84BE2AC521E22 /* Pods-Comy-iOSTests.debug.xcconfig */ = {isa = PBXFileReference; includeInIndex = 1; lastKnownFileType = text.xcconfig; name = "Pods-Comy-iOSTests.debug.xcconfig"; path = "Target Support Files/Pods-Comy-iOSTests/Pods-Comy-iOSTests.debug.xcconfig"; sourceTree = "<group>"; };
		7512FA05FC630A457D8718CA /* Pods_Comy_iOSTests.framework */ = {isa = PBXFileReference; explicitFileType = wrapper.framework; includeInIndex = 0; path = Pods_Comy_iOSTests.framework; sourceTree = BUILT_PRODUCTS_DIR; };
		7F6F5A7A7E0C812924F1A398 /* Pods-ComyTests.debug.xcconfig */ = {isa = PBXFileReference; includeInIndex = 1; lastKnownFileType = text.xcconfig; name = "Pods-ComyTests.debug.xcconfig"; path = "Target Support Files/Pods-ComyTests/Pods-ComyTests.debug.xcconfig"; sourceTree = "<group>"; };
		9940563888C14F85B30C5BBC /* Pods-ComyUITests.release.xcconfig */ = {isa = PBXFileReference; includeInIndex = 1; lastKnownFileType = text.xcconfig; name = "Pods-ComyUITests.release.xcconfig"; path = "Target Support Files/Pods-ComyUITests/Pods-ComyUITests.release.xcconfig"; sourceTree = "<group>"; };
		A3089C73125CEE2716EEF6FA /* Pods-Comy-iOS.debug.xcconfig */ = {isa = PBXFileReference; includeInIndex = 1; lastKnownFileType = text.xcconfig; name = "Pods-Comy-iOS.debug.xcconfig"; path = "Target Support Files/Pods-Comy-iOS/Pods-Comy-iOS.debug.xcconfig"; sourceTree = "<group>"; };
		B2A34D2BF8DD3F2E642B4477 /* Pods_ComyTests.framework */ = {isa = PBXFileReference; explicitFileType = wrapper.framework; includeInIndex = 0; path = Pods_ComyTests.framework; sourceTree = BUILT_PRODUCTS_DIR; };
		B4220DFE9D4B90397213C463 /* Pods-Comy-iOS-Comy-iOSUITests.release.xcconfig */ = {isa = PBXFileReference; includeInIndex = 1; lastKnownFileType = text.xcconfig; name = "Pods-Comy-iOS-Comy-iOSUITests.release.xcconfig"; path = "Target Support Files/Pods-Comy-iOS-Comy-iOSUITests/Pods-Comy-iOS-Comy-iOSUITests.release.xcconfig"; sourceTree = "<group>"; };
		E46632489CCDB7529AC308EB /* Pods-ComyTests.release.xcconfig */ = {isa = PBXFileReference; includeInIndex = 1; lastKnownFileType = text.xcconfig; name = "Pods-ComyTests.release.xcconfig"; path = "Target Support Files/Pods-ComyTests/Pods-ComyTests.release.xcconfig"; sourceTree = "<group>"; };
		E4A56866E2C0403C5CD75BBA /* Pods-ComyUITests.debug.xcconfig */ = {isa = PBXFileReference; includeInIndex = 1; lastKnownFileType = text.xcconfig; name = "Pods-ComyUITests.debug.xcconfig"; path = "Target Support Files/Pods-ComyUITests/Pods-ComyUITests.debug.xcconfig"; sourceTree = "<group>"; };
		F3628841EDA0C28D4EFBDB55 /* Pods-Comy-iOSUITests.debug.xcconfig */ = {isa = PBXFileReference; includeInIndex = 1; lastKnownFileType = text.xcconfig; name = "Pods-Comy-iOSUITests.debug.xcconfig"; path = "Target Support Files/Pods-Comy-iOSUITests/Pods-Comy-iOSUITests.debug.xcconfig"; sourceTree = "<group>"; };
		FB7DAB9463D2047F2007B2AA /* Pods-Comy-iOS-Comy-iOSUITests.debug.xcconfig */ = {isa = PBXFileReference; includeInIndex = 1; lastKnownFileType = text.xcconfig; name = "Pods-Comy-iOS-Comy-iOSUITests.debug.xcconfig"; path = "Target Support Files/Pods-Comy-iOS-Comy-iOSUITests/Pods-Comy-iOS-Comy-iOSUITests.debug.xcconfig"; sourceTree = "<group>"; };
/* End PBXFileReference section */

/* Begin PBXFrameworksBuildPhase section */
		6615B72E2492222D006E2DE9 /* Frameworks */ = {
			isa = PBXFrameworksBuildPhase;
			buildActionMask = 2147483647;
			files = (
				A717272C7577C392AE26B756 /* Pods_Comy_iOS.framework in Frameworks */,
			);
			runOnlyForDeploymentPostprocessing = 0;
		};
		66C14FC824A349F5000917D1 /* Frameworks */ = {
			isa = PBXFrameworksBuildPhase;
			buildActionMask = 2147483647;
			files = (
				02A6507849D456E83E0C67D3 /* Pods_ComyTests.framework in Frameworks */,
			);
			runOnlyForDeploymentPostprocessing = 0;
		};
		66C14FD624A34A03000917D1 /* Frameworks */ = {
			isa = PBXFrameworksBuildPhase;
			buildActionMask = 2147483647;
			files = (
				5D3E0C3A0DAE387F39F330B5 /* Pods_ComyUITests.framework in Frameworks */,
			);
			runOnlyForDeploymentPostprocessing = 0;
		};
/* End PBXFrameworksBuildPhase section */

/* Begin PBXGroup section */
		5F29601541FD359E50AB0DE7 /* Frameworks */ = {
			isa = PBXGroup;
			children = (
				6A17DF704DDB833988D17555 /* Pods_Comy_iOS.framework */,
				7512FA05FC630A457D8718CA /* Pods_Comy_iOSTests.framework */,
				2B18CA682F8837896EB4631B /* Pods_Comy_iOSUITests.framework */,
				B2A34D2BF8DD3F2E642B4477 /* Pods_ComyTests.framework */,
				690CB029B14843CB68FA22DD /* Pods_ComyUITests.framework */,
			);
			name = Frameworks;
			sourceTree = "<group>";
		};
		661186D8249898C8001BA0AF /* Onboarding */ = {
			isa = PBXGroup;
			children = (
				66E170F8249CE76E0002EDAC /* ViewModels */,
				661186D9249898EA001BA0AF /* Controllers */,
			);
			path = Onboarding;
			sourceTree = "<group>";
		};
		661186D9249898EA001BA0AF /* Controllers */ = {
			isa = PBXGroup;
			children = (
				66EE640324AB642C007367EB /* LoadingController.swift */,
				661186DA249898FE001BA0AF /* OnboardingController.swift */,
				66600B1B24A0BBBF00374BEB /* LoginController.swift */,
			);
			path = Controllers;
			sourceTree = "<group>";
		};
		6615B7282492222D006E2DE9 = {
			isa = PBXGroup;
			children = (
				6615B7332492222D006E2DE9 /* Comy-iOS */,
				66C14FCC24A349F5000917D1 /* ComyTests */,
				66C14FDA24A34A03000917D1 /* ComyUITests */,
				6615B7322492222D006E2DE9 /* Products */,
				88D81C6C5CBF75AD446C6567 /* Pods */,
				5F29601541FD359E50AB0DE7 /* Frameworks */,
			);
			sourceTree = "<group>";
		};
		6615B7322492222D006E2DE9 /* Products */ = {
			isa = PBXGroup;
			children = (
				6615B7312492222D006E2DE9 /* Comy.app */,
				66C14FCB24A349F5000917D1 /* ComyTests.xctest */,
				66C14FD924A34A03000917D1 /* ComyUITests.xctest */,
			);
			name = Products;
			sourceTree = "<group>";
		};
		6615B7332492222D006E2DE9 /* Comy-iOS */ = {
			isa = PBXGroup;
			children = (
				661186D8249898C8001BA0AF /* Onboarding */,
				6615B76A24922FDF006E2DE9 /* Server */,
				6615B76824922C87006E2DE9 /* Models */,
				66E710872498F4B30022D9EA /* Tools */,
				6615B7342492222D006E2DE9 /* AppDelegate.swift */,
				6615B7362492222D006E2DE9 /* SceneDelegate.swift */,
				6615B73A2492222D006E2DE9 /* Main.storyboard */,
				6615B7402492222E006E2DE9 /* Assets.xcassets */,
				6615B7422492222E006E2DE9 /* LaunchScreen.storyboard */,
				6615B7452492222E006E2DE9 /* Info.plist */,
				6615B73D2492222D006E2DE9 /* Comy_iOS.xcdatamodeld */,
			);
			path = "Comy-iOS";
			sourceTree = "<group>";
		};
		6615B76824922C87006E2DE9 /* Models */ = {
			isa = PBXGroup;
			children = (
				66EE640A24AB7855007367EB /* CoreData */,
				6615B76D2492304D006E2DE9 /* Commands */,
				6615B774249230EE006E2DE9 /* Messages */,
				6615B77B24923277006E2DE9 /* Responses */,
			);
			path = Models;
			sourceTree = "<group>";
		};
		6615B76A24922FDF006E2DE9 /* Server */ = {
			isa = PBXGroup;
			children = (
				6642203D24976D8000CD67D8 /* ViewModels */,
				6642203C24976D7A00CD67D8 /* Views */,
				6642203B24976D7100CD67D8 /* Controllers */,
			);
			path = Server;
			sourceTree = "<group>";
		};
		6615B76D2492304D006E2DE9 /* Commands */ = {
			isa = PBXGroup;
			children = (
				6679BB5424A25A3500064894 /* Params */,
				6615B76E2492305E006E2DE9 /* Command.swift */,
			);
			path = Commands;
			sourceTree = "<group>";
		};
		6615B774249230EE006E2DE9 /* Messages */ = {
			isa = PBXGroup;
			children = (
				6615B7752492311D006E2DE9 /* Message.swift */,
				6615B7772492314C006E2DE9 /* ExecuteCommandMessage.swift */,
				6615B7792492322A006E2DE9 /* NeedStateMessage.swift */,
				66C8FAAB249BDAFA00397933 /* AuthenticationTokenMessage.swift */,
				66C8FAAD249BDB3200397933 /* AuthenticateUserMessage.swift */,
				66C8FAAF249BDB6100397933 /* RefreshTokenMessage.swift */,
			);
			path = Messages;
			sourceTree = "<group>";
		};
		6615B77B24923277006E2DE9 /* Responses */ = {
			isa = PBXGroup;
			children = (
				6615B77C2492328D006E2DE9 /* Response.swift */,
				66E7108D249904BA0022D9EA /* CommandResponse.swift */,
				6615B7702492308A006E2DE9 /* CommandResult.swift */,
				6615B77224923093006E2DE9 /* CommandResultStatus.swift */,
				660F160E2493D913006790BF /* ServerStateResponse.swift */,
				66C8FAB3249BDCA700397933 /* ServerInfoResponse.swift */,
				66C8FAB1249BDC1E00397933 /* AuthenticationResponse.swift */,
			);
			path = Responses;
			sourceTree = "<group>";
		};
		6642203B24976D7100CD67D8 /* Controllers */ = {
			isa = PBXGroup;
			children = (
				6615B76B24923017006E2DE9 /* ServerCommandsController.swift */,
				66C20F6624A4AAAD007369F3 /* CommandParamsController.swift */,
			);
			path = Controllers;
			sourceTree = "<group>";
		};
		6642203C24976D7A00CD67D8 /* Views */ = {
			isa = PBXGroup;
			children = (
				66C14FE524A357BB000917D1 /* IntegerSelector.xib */,
				66C14FE724A35882000917D1 /* IntegerSelector.swift */,
				6642203E24976DDD00CD67D8 /* CommandCell.xib */,
				6642204024976E6B00CD67D8 /* CommandCell.swift */,
				66C20F6224A4A949007369F3 /* IntegerSettingCell.swift */,
				66C20F6424A4A95C007369F3 /* IntegerSettingCell.xib */,
				66C20F6824A4AD07007369F3 /* SettingCell.swift */,
				6650F87A24AA13F000FC967A /* BooleanSettingCell.xib */,
				6650F87C24AA14AD00FC967A /* BooleanSettingCell.swift */,
			);
			path = Views;
			sourceTree = "<group>";
		};
		6642203D24976D8000CD67D8 /* ViewModels */ = {
			isa = PBXGroup;
			children = (
				660F16102493DB18006790BF /* ServerViewModel.swift */,
				660F160C2493D465006790BF /* ServerServices.swift */,
			);
			path = ViewModels;
			sourceTree = "<group>";
		};
		6679BB5424A25A3500064894 /* Params */ = {
			isa = PBXGroup;
			children = (
				6679BB5924A25A7400064894 /* CommandParameter.swift */,
			);
			path = Params;
			sourceTree = "<group>";
		};
		66C14FCC24A349F5000917D1 /* ComyTests */ = {
			isa = PBXGroup;
			children = (
				66E7108F249917650022D9EA /* Server */,
				66C14FCF24A349F5000917D1 /* Info.plist */,
			);
			path = ComyTests;
			sourceTree = "<group>";
		};
		66C14FDA24A34A03000917D1 /* ComyUITests */ = {
			isa = PBXGroup;
			children = (
				66C14FDB24A34A03000917D1 /* ComyUITests.swift */,
				66C14FDD24A34A03000917D1 /* Info.plist */,
			);
			path = ComyUITests;
			sourceTree = "<group>";
		};
		66E170F8249CE76E0002EDAC /* ViewModels */ = {
			isa = PBXGroup;
			children = (
				66E170F6249CE7670002EDAC /* OnboardingViewModel.swift */,
			);
			path = ViewModels;
			sourceTree = "<group>";
		};
		66E710872498F4B30022D9EA /* Tools */ = {
			isa = PBXGroup;
			children = (
				66E710882498F4C70022D9EA /* Views */,
			);
			path = Tools;
			sourceTree = "<group>";
		};
		66E710882498F4C70022D9EA /* Views */ = {
			isa = PBXGroup;
			children = (
				66E710892498F4EC0022D9EA /* NotificationView.xib */,
				66E7108B2498F6990022D9EA /* NotificationView.swift */,
				66600B1D24A0BFE800374BEB /* TopRoundedView.swift */,
				66600B1F24A0C11300374BEB /* BeautifulTextField.swift */,
				66600B2124A0C14000374BEB /* BeautifulTextField.xib */,
				66600B2324A0CA3E00374BEB /* RoundedView.swift */,
			);
			path = Views;
			sourceTree = "<group>";
		};
		66E7108F249917650022D9EA /* Server */ = {
			isa = PBXGroup;
			children = (
				66E710902499176B0022D9EA /* ViewModels */,
			);
			path = Server;
			sourceTree = "<group>";
		};
		66E710902499176B0022D9EA /* ViewModels */ = {
			isa = PBXGroup;
			children = (
				66C14FE324A34B2D000917D1 /* ServerViewModelTest.swift */,
			);
			path = ViewModels;
			sourceTree = "<group>";
		};
		66EE640A24AB7855007367EB /* CoreData */ = {
			isa = PBXGroup;
			children = (
				66EE640B24AB7863007367EB /* ServerCredentials.swift */,
			);
			path = CoreData;
			sourceTree = "<group>";
		};
		88D81C6C5CBF75AD446C6567 /* Pods */ = {
			isa = PBXGroup;
			children = (
				A3089C73125CEE2716EEF6FA /* Pods-Comy-iOS.debug.xcconfig */,
				4B51128177CF500C4A12ADA0 /* Pods-Comy-iOS.release.xcconfig */,
				FB7DAB9463D2047F2007B2AA /* Pods-Comy-iOS-Comy-iOSUITests.debug.xcconfig */,
				B4220DFE9D4B90397213C463 /* Pods-Comy-iOS-Comy-iOSUITests.release.xcconfig */,
				7315928DE9C84BE2AC521E22 /* Pods-Comy-iOSTests.debug.xcconfig */,
				3F0A58066BC0502D709AAADF /* Pods-Comy-iOSTests.release.xcconfig */,
				F3628841EDA0C28D4EFBDB55 /* Pods-Comy-iOSUITests.debug.xcconfig */,
				203B17A0B4A0B9C5B9329152 /* Pods-Comy-iOSUITests.release.xcconfig */,
				7F6F5A7A7E0C812924F1A398 /* Pods-ComyTests.debug.xcconfig */,
				E46632489CCDB7529AC308EB /* Pods-ComyTests.release.xcconfig */,
				E4A56866E2C0403C5CD75BBA /* Pods-ComyUITests.debug.xcconfig */,
				9940563888C14F85B30C5BBC /* Pods-ComyUITests.release.xcconfig */,
			);
			path = Pods;
			sourceTree = "<group>";
		};
/* End PBXGroup section */

/* Begin PBXNativeTarget section */
		6615B7302492222D006E2DE9 /* Comy-iOS */ = {
			isa = PBXNativeTarget;
			buildConfigurationList = 6615B75E2492222E006E2DE9 /* Build configuration list for PBXNativeTarget "Comy-iOS" */;
			buildPhases = (
				954DE8AAC5919B20F736713A /* [CP] Check Pods Manifest.lock */,
				6615B72D2492222D006E2DE9 /* Sources */,
				6615B72E2492222D006E2DE9 /* Frameworks */,
				6615B72F2492222D006E2DE9 /* Resources */,
				7484FCBBCE8FC40FC5A61ADD /* [CP] Embed Pods Frameworks */,
			);
			buildRules = (
			);
			dependencies = (
			);
			name = "Comy-iOS";
			productName = "Comy-iOS";
			productReference = 6615B7312492222D006E2DE9 /* Comy.app */;
			productType = "com.apple.product-type.application";
		};
		66C14FCA24A349F5000917D1 /* ComyTests */ = {
			isa = PBXNativeTarget;
			buildConfigurationList = 66C14FD224A349F5000917D1 /* Build configuration list for PBXNativeTarget "ComyTests" */;
			buildPhases = (
				19BA2C10BD49A39F32ACA78A /* [CP] Check Pods Manifest.lock */,
				66C14FC724A349F5000917D1 /* Sources */,
				66C14FC824A349F5000917D1 /* Frameworks */,
				66C14FC924A349F5000917D1 /* Resources */,
			);
			buildRules = (
			);
			dependencies = (
				66C14FD124A349F5000917D1 /* PBXTargetDependency */,
			);
			name = ComyTests;
			productName = ComyTests;
			productReference = 66C14FCB24A349F5000917D1 /* ComyTests.xctest */;
			productType = "com.apple.product-type.bundle.unit-test";
		};
		66C14FD824A34A03000917D1 /* ComyUITests */ = {
			isa = PBXNativeTarget;
			buildConfigurationList = 66C14FE024A34A03000917D1 /* Build configuration list for PBXNativeTarget "ComyUITests" */;
			buildPhases = (
				429AFDF94EB543A8DF8D5D00 /* [CP] Check Pods Manifest.lock */,
				66C14FD524A34A03000917D1 /* Sources */,
				66C14FD624A34A03000917D1 /* Frameworks */,
				66C14FD724A34A03000917D1 /* Resources */,
			);
			buildRules = (
			);
			dependencies = (
				66C14FDF24A34A03000917D1 /* PBXTargetDependency */,
			);
			name = ComyUITests;
			productName = ComyUITests;
			productReference = 66C14FD924A34A03000917D1 /* ComyUITests.xctest */;
			productType = "com.apple.product-type.bundle.ui-testing";
		};
/* End PBXNativeTarget section */

/* Begin PBXProject section */
		6615B7292492222D006E2DE9 /* Project object */ = {
			isa = PBXProject;
			attributes = {
				LastSwiftUpdateCheck = 1150;
				LastUpgradeCheck = 1150;
				ORGANIZATIONNAME = Quentin;
				TargetAttributes = {
					6615B7302492222D006E2DE9 = {
						CreatedOnToolsVersion = 11.5;
					};
					66C14FCA24A349F5000917D1 = {
						CreatedOnToolsVersion = 11.5;
						LastSwiftMigration = 1150;
						TestTargetID = 6615B7302492222D006E2DE9;
					};
					66C14FD824A34A03000917D1 = {
						CreatedOnToolsVersion = 11.5;
						TestTargetID = 6615B7302492222D006E2DE9;
					};
				};
			};
			buildConfigurationList = 6615B72C2492222D006E2DE9 /* Build configuration list for PBXProject "Comy-iOS" */;
			compatibilityVersion = "Xcode 9.3";
			developmentRegion = en;
			hasScannedForEncodings = 0;
			knownRegions = (
				en,
				Base,
			);
			mainGroup = 6615B7282492222D006E2DE9;
			productRefGroup = 6615B7322492222D006E2DE9 /* Products */;
			projectDirPath = "";
			projectRoot = "";
			targets = (
				6615B7302492222D006E2DE9 /* Comy-iOS */,
				66C14FCA24A349F5000917D1 /* ComyTests */,
				66C14FD824A34A03000917D1 /* ComyUITests */,
			);
		};
/* End PBXProject section */

/* Begin PBXResourcesBuildPhase section */
		6615B72F2492222D006E2DE9 /* Resources */ = {
			isa = PBXResourcesBuildPhase;
			buildActionMask = 2147483647;
			files = (
				6615B7442492222E006E2DE9 /* LaunchScreen.storyboard in Resources */,
				66600B2224A0C14000374BEB /* BeautifulTextField.xib in Resources */,
				6615B7412492222E006E2DE9 /* Assets.xcassets in Resources */,
				66C20F6524A4A95C007369F3 /* IntegerSettingCell.xib in Resources */,
				6615B73C2492222D006E2DE9 /* Main.storyboard in Resources */,
				6642203F24976DDD00CD67D8 /* CommandCell.xib in Resources */,
				66E7108A2498F4EC0022D9EA /* NotificationView.xib in Resources */,
				6650F87B24AA13F000FC967A /* BooleanSettingCell.xib in Resources */,
				66C14FE624A357BB000917D1 /* IntegerSelector.xib in Resources */,
			);
			runOnlyForDeploymentPostprocessing = 0;
		};
		66C14FC924A349F5000917D1 /* Resources */ = {
			isa = PBXResourcesBuildPhase;
			buildActionMask = 2147483647;
			files = (
			);
			runOnlyForDeploymentPostprocessing = 0;
		};
		66C14FD724A34A03000917D1 /* Resources */ = {
			isa = PBXResourcesBuildPhase;
			buildActionMask = 2147483647;
			files = (
			);
			runOnlyForDeploymentPostprocessing = 0;
		};
/* End PBXResourcesBuildPhase section */

/* Begin PBXShellScriptBuildPhase section */
		19BA2C10BD49A39F32ACA78A /* [CP] Check Pods Manifest.lock */ = {
			isa = PBXShellScriptBuildPhase;
			buildActionMask = 2147483647;
			files = (
			);
			inputFileListPaths = (
			);
			inputPaths = (
				"${PODS_PODFILE_DIR_PATH}/Podfile.lock",
				"${PODS_ROOT}/Manifest.lock",
			);
			name = "[CP] Check Pods Manifest.lock";
			outputFileListPaths = (
			);
			outputPaths = (
				"$(DERIVED_FILE_DIR)/Pods-ComyTests-checkManifestLockResult.txt",
			);
			runOnlyForDeploymentPostprocessing = 0;
			shellPath = /bin/sh;
			shellScript = "diff \"${PODS_PODFILE_DIR_PATH}/Podfile.lock\" \"${PODS_ROOT}/Manifest.lock\" > /dev/null\nif [ $? != 0 ] ; then\n    # print error to STDERR\n    echo \"error: The sandbox is not in sync with the Podfile.lock. Run 'pod install' or update your CocoaPods installation.\" >&2\n    exit 1\nfi\n# This output is used by Xcode 'outputs' to avoid re-running this script phase.\necho \"SUCCESS\" > \"${SCRIPT_OUTPUT_FILE_0}\"\n";
			showEnvVarsInLog = 0;
		};
		429AFDF94EB543A8DF8D5D00 /* [CP] Check Pods Manifest.lock */ = {
			isa = PBXShellScriptBuildPhase;
			buildActionMask = 2147483647;
			files = (
			);
			inputFileListPaths = (
			);
			inputPaths = (
				"${PODS_PODFILE_DIR_PATH}/Podfile.lock",
				"${PODS_ROOT}/Manifest.lock",
			);
			name = "[CP] Check Pods Manifest.lock";
			outputFileListPaths = (
			);
			outputPaths = (
				"$(DERIVED_FILE_DIR)/Pods-ComyUITests-checkManifestLockResult.txt",
			);
			runOnlyForDeploymentPostprocessing = 0;
			shellPath = /bin/sh;
			shellScript = "diff \"${PODS_PODFILE_DIR_PATH}/Podfile.lock\" \"${PODS_ROOT}/Manifest.lock\" > /dev/null\nif [ $? != 0 ] ; then\n    # print error to STDERR\n    echo \"error: The sandbox is not in sync with the Podfile.lock. Run 'pod install' or update your CocoaPods installation.\" >&2\n    exit 1\nfi\n# This output is used by Xcode 'outputs' to avoid re-running this script phase.\necho \"SUCCESS\" > \"${SCRIPT_OUTPUT_FILE_0}\"\n";
			showEnvVarsInLog = 0;
		};
		7484FCBBCE8FC40FC5A61ADD /* [CP] Embed Pods Frameworks */ = {
			isa = PBXShellScriptBuildPhase;
			buildActionMask = 2147483647;
			files = (
			);
			inputFileListPaths = (
				"${PODS_ROOT}/Target Support Files/Pods-Comy-iOS/Pods-Comy-iOS-frameworks-${CONFIGURATION}-input-files.xcfilelist",
			);
			name = "[CP] Embed Pods Frameworks";
			outputFileListPaths = (
				"${PODS_ROOT}/Target Support Files/Pods-Comy-iOS/Pods-Comy-iOS-frameworks-${CONFIGURATION}-output-files.xcfilelist",
			);
			runOnlyForDeploymentPostprocessing = 0;
			shellPath = /bin/sh;
			shellScript = "\"${PODS_ROOT}/Target Support Files/Pods-Comy-iOS/Pods-Comy-iOS-frameworks.sh\"\n";
			showEnvVarsInLog = 0;
		};
		954DE8AAC5919B20F736713A /* [CP] Check Pods Manifest.lock */ = {
			isa = PBXShellScriptBuildPhase;
			buildActionMask = 2147483647;
			files = (
			);
			inputFileListPaths = (
			);
			inputPaths = (
				"${PODS_PODFILE_DIR_PATH}/Podfile.lock",
				"${PODS_ROOT}/Manifest.lock",
			);
			name = "[CP] Check Pods Manifest.lock";
			outputFileListPaths = (
			);
			outputPaths = (
				"$(DERIVED_FILE_DIR)/Pods-Comy-iOS-checkManifestLockResult.txt",
			);
			runOnlyForDeploymentPostprocessing = 0;
			shellPath = /bin/sh;
			shellScript = "diff \"${PODS_PODFILE_DIR_PATH}/Podfile.lock\" \"${PODS_ROOT}/Manifest.lock\" > /dev/null\nif [ $? != 0 ] ; then\n    # print error to STDERR\n    echo \"error: The sandbox is not in sync with the Podfile.lock. Run 'pod install' or update your CocoaPods installation.\" >&2\n    exit 1\nfi\n# This output is used by Xcode 'outputs' to avoid re-running this script phase.\necho \"SUCCESS\" > \"${SCRIPT_OUTPUT_FILE_0}\"\n";
			showEnvVarsInLog = 0;
		};
/* End PBXShellScriptBuildPhase section */

/* Begin PBXSourcesBuildPhase section */
		6615B72D2492222D006E2DE9 /* Sources */ = {
			isa = PBXSourcesBuildPhase;
			buildActionMask = 2147483647;
			files = (
				6615B77324923093006E2DE9 /* CommandResultStatus.swift in Sources */,
				66C8FAB2249BDC1E00397933 /* AuthenticationResponse.swift in Sources */,
				66C8FAB0249BDB6100397933 /* RefreshTokenMessage.swift in Sources */,
				66C8FAAC249BDAFA00397933 /* AuthenticationTokenMessage.swift in Sources */,
				6615B7782492314C006E2DE9 /* ExecuteCommandMessage.swift in Sources */,
				6615B7352492222D006E2DE9 /* AppDelegate.swift in Sources */,
				66600B1E24A0BFE800374BEB /* TopRoundedView.swift in Sources */,
				6650F87D24AA14AD00FC967A /* BooleanSettingCell.swift in Sources */,
				6615B77D2492328D006E2DE9 /* Response.swift in Sources */,
				6615B7762492311D006E2DE9 /* Message.swift in Sources */,
				6615B77A2492322A006E2DE9 /* NeedStateMessage.swift in Sources */,
				66E7108C2498F6990022D9EA /* NotificationView.swift in Sources */,
				66600B2024A0C11300374BEB /* BeautifulTextField.swift in Sources */,
				660F160F2493D913006790BF /* ServerStateResponse.swift in Sources */,
				66E7108E249904BA0022D9EA /* CommandResponse.swift in Sources */,
				660F160D2493D465006790BF /* ServerServices.swift in Sources */,
				660F16112493DB18006790BF /* ServerViewModel.swift in Sources */,
				66600B2424A0CA3E00374BEB /* RoundedView.swift in Sources */,
				6615B76C24923017006E2DE9 /* ServerCommandsController.swift in Sources */,
				6642204124976E6B00CD67D8 /* CommandCell.swift in Sources */,
				6615B7372492222D006E2DE9 /* SceneDelegate.swift in Sources */,
				661186DB249898FE001BA0AF /* OnboardingController.swift in Sources */,
				66C8FAAE249BDB3200397933 /* AuthenticateUserMessage.swift in Sources */,
				6679BB5A24A25A7400064894 /* CommandParameter.swift in Sources */,
				66600B1C24A0BBBF00374BEB /* LoginController.swift in Sources */,
				66E170F7249CE7670002EDAC /* OnboardingViewModel.swift in Sources */,
				66C14FE824A35882000917D1 /* IntegerSelector.swift in Sources */,
				66C20F6924A4AD07007369F3 /* SettingCell.swift in Sources */,
				6615B7712492308A006E2DE9 /* CommandResult.swift in Sources */,
				66EE640424AB642C007367EB /* LoadingController.swift in Sources */,
				66C8FAB4249BDCA700397933 /* ServerInfoResponse.swift in Sources */,
				66EE640C24AB7863007367EB /* ServerCredentials.swift in Sources */,
				6615B73F2492222D006E2DE9 /* Comy_iOS.xcdatamodeld in Sources */,
				6615B76F2492305E006E2DE9 /* Command.swift in Sources */,
				66C20F6324A4A949007369F3 /* IntegerSettingCell.swift in Sources */,
				66C20F6724A4AAAD007369F3 /* CommandParamsController.swift in Sources */,
			);
			runOnlyForDeploymentPostprocessing = 0;
		};
		66C14FC724A349F5000917D1 /* Sources */ = {
			isa = PBXSourcesBuildPhase;
			buildActionMask = 2147483647;
			files = (
				66C14FE424A34B2D000917D1 /* ServerViewModelTest.swift in Sources */,
			);
			runOnlyForDeploymentPostprocessing = 0;
		};
		66C14FD524A34A03000917D1 /* Sources */ = {
			isa = PBXSourcesBuildPhase;
			buildActionMask = 2147483647;
			files = (
				66C14FDC24A34A03000917D1 /* ComyUITests.swift in Sources */,
			);
			runOnlyForDeploymentPostprocessing = 0;
		};
/* End PBXSourcesBuildPhase section */

/* Begin PBXTargetDependency section */
		66C14FD124A349F5000917D1 /* PBXTargetDependency */ = {
			isa = PBXTargetDependency;
			target = 6615B7302492222D006E2DE9 /* Comy-iOS */;
			targetProxy = 66C14FD024A349F5000917D1 /* PBXContainerItemProxy */;
		};
		66C14FDF24A34A03000917D1 /* PBXTargetDependency */ = {
			isa = PBXTargetDependency;
			target = 6615B7302492222D006E2DE9 /* Comy-iOS */;
			targetProxy = 66C14FDE24A34A03000917D1 /* PBXContainerItemProxy */;
		};
/* End PBXTargetDependency section */

/* Begin PBXVariantGroup section */
		6615B73A2492222D006E2DE9 /* Main.storyboard */ = {
			isa = PBXVariantGroup;
			children = (
				6615B73B2492222D006E2DE9 /* Base */,
			);
			name = Main.storyboard;
			sourceTree = "<group>";
		};
		6615B7422492222E006E2DE9 /* LaunchScreen.storyboard */ = {
			isa = PBXVariantGroup;
			children = (
				6615B7432492222E006E2DE9 /* Base */,
			);
			name = LaunchScreen.storyboard;
			sourceTree = "<group>";
		};
/* End PBXVariantGroup section */

/* Begin XCBuildConfiguration section */
		6615B75C2492222E006E2DE9 /* Debug */ = {
			isa = XCBuildConfiguration;
			buildSettings = {
				ALWAYS_SEARCH_USER_PATHS = NO;
				CLANG_ANALYZER_NONNULL = YES;
				CLANG_ANALYZER_NUMBER_OBJECT_CONVERSION = YES_AGGRESSIVE;
				CLANG_CXX_LANGUAGE_STANDARD = "gnu++14";
				CLANG_CXX_LIBRARY = "libc++";
				CLANG_ENABLE_MODULES = YES;
				CLANG_ENABLE_OBJC_ARC = YES;
				CLANG_ENABLE_OBJC_WEAK = YES;
				CLANG_WARN_BLOCK_CAPTURE_AUTORELEASING = YES;
				CLANG_WARN_BOOL_CONVERSION = YES;
				CLANG_WARN_COMMA = YES;
				CLANG_WARN_CONSTANT_CONVERSION = YES;
				CLANG_WARN_DEPRECATED_OBJC_IMPLEMENTATIONS = YES;
				CLANG_WARN_DIRECT_OBJC_ISA_USAGE = YES_ERROR;
				CLANG_WARN_DOCUMENTATION_COMMENTS = YES;
				CLANG_WARN_EMPTY_BODY = YES;
				CLANG_WARN_ENUM_CONVERSION = YES;
				CLANG_WARN_INFINITE_RECURSION = YES;
				CLANG_WARN_INT_CONVERSION = YES;
				CLANG_WARN_NON_LITERAL_NULL_CONVERSION = YES;
				CLANG_WARN_OBJC_IMPLICIT_RETAIN_SELF = YES;
				CLANG_WARN_OBJC_LITERAL_CONVERSION = YES;
				CLANG_WARN_OBJC_ROOT_CLASS = YES_ERROR;
				CLANG_WARN_RANGE_LOOP_ANALYSIS = YES;
				CLANG_WARN_STRICT_PROTOTYPES = YES;
				CLANG_WARN_SUSPICIOUS_MOVE = YES;
				CLANG_WARN_UNGUARDED_AVAILABILITY = YES_AGGRESSIVE;
				CLANG_WARN_UNREACHABLE_CODE = YES;
				CLANG_WARN__DUPLICATE_METHOD_MATCH = YES;
				COPY_PHASE_STRIP = NO;
				DEBUG_INFORMATION_FORMAT = dwarf;
				ENABLE_STRICT_OBJC_MSGSEND = YES;
				ENABLE_TESTABILITY = YES;
				GCC_C_LANGUAGE_STANDARD = gnu11;
				GCC_DYNAMIC_NO_PIC = NO;
				GCC_NO_COMMON_BLOCKS = YES;
				GCC_OPTIMIZATION_LEVEL = 0;
				GCC_PREPROCESSOR_DEFINITIONS = (
					"DEBUG=1",
					"$(inherited)",
				);
				GCC_WARN_64_TO_32_BIT_CONVERSION = YES;
				GCC_WARN_ABOUT_RETURN_TYPE = YES_ERROR;
				GCC_WARN_UNDECLARED_SELECTOR = YES;
				GCC_WARN_UNINITIALIZED_AUTOS = YES_AGGRESSIVE;
				GCC_WARN_UNUSED_FUNCTION = YES;
				GCC_WARN_UNUSED_VARIABLE = YES;
				IPHONEOS_DEPLOYMENT_TARGET = 13.5;
				MTL_ENABLE_DEBUG_INFO = INCLUDE_SOURCE;
				MTL_FAST_MATH = YES;
				ONLY_ACTIVE_ARCH = YES;
				SDKROOT = iphoneos;
				SWIFT_ACTIVE_COMPILATION_CONDITIONS = DEBUG;
				SWIFT_OPTIMIZATION_LEVEL = "-Onone";
			};
			name = Debug;
		};
		6615B75D2492222E006E2DE9 /* Release */ = {
			isa = XCBuildConfiguration;
			buildSettings = {
				ALWAYS_SEARCH_USER_PATHS = NO;
				CLANG_ANALYZER_NONNULL = YES;
				CLANG_ANALYZER_NUMBER_OBJECT_CONVERSION = YES_AGGRESSIVE;
				CLANG_CXX_LANGUAGE_STANDARD = "gnu++14";
				CLANG_CXX_LIBRARY = "libc++";
				CLANG_ENABLE_MODULES = YES;
				CLANG_ENABLE_OBJC_ARC = YES;
				CLANG_ENABLE_OBJC_WEAK = YES;
				CLANG_WARN_BLOCK_CAPTURE_AUTORELEASING = YES;
				CLANG_WARN_BOOL_CONVERSION = YES;
				CLANG_WARN_COMMA = YES;
				CLANG_WARN_CONSTANT_CONVERSION = YES;
				CLANG_WARN_DEPRECATED_OBJC_IMPLEMENTATIONS = YES;
				CLANG_WARN_DIRECT_OBJC_ISA_USAGE = YES_ERROR;
				CLANG_WARN_DOCUMENTATION_COMMENTS = YES;
				CLANG_WARN_EMPTY_BODY = YES;
				CLANG_WARN_ENUM_CONVERSION = YES;
				CLANG_WARN_INFINITE_RECURSION = YES;
				CLANG_WARN_INT_CONVERSION = YES;
				CLANG_WARN_NON_LITERAL_NULL_CONVERSION = YES;
				CLANG_WARN_OBJC_IMPLICIT_RETAIN_SELF = YES;
				CLANG_WARN_OBJC_LITERAL_CONVERSION = YES;
				CLANG_WARN_OBJC_ROOT_CLASS = YES_ERROR;
				CLANG_WARN_RANGE_LOOP_ANALYSIS = YES;
				CLANG_WARN_STRICT_PROTOTYPES = YES;
				CLANG_WARN_SUSPICIOUS_MOVE = YES;
				CLANG_WARN_UNGUARDED_AVAILABILITY = YES_AGGRESSIVE;
				CLANG_WARN_UNREACHABLE_CODE = YES;
				CLANG_WARN__DUPLICATE_METHOD_MATCH = YES;
				COPY_PHASE_STRIP = NO;
				DEBUG_INFORMATION_FORMAT = "dwarf-with-dsym";
				ENABLE_NS_ASSERTIONS = NO;
				ENABLE_STRICT_OBJC_MSGSEND = YES;
				GCC_C_LANGUAGE_STANDARD = gnu11;
				GCC_NO_COMMON_BLOCKS = YES;
				GCC_WARN_64_TO_32_BIT_CONVERSION = YES;
				GCC_WARN_ABOUT_RETURN_TYPE = YES_ERROR;
				GCC_WARN_UNDECLARED_SELECTOR = YES;
				GCC_WARN_UNINITIALIZED_AUTOS = YES_AGGRESSIVE;
				GCC_WARN_UNUSED_FUNCTION = YES;
				GCC_WARN_UNUSED_VARIABLE = YES;
				IPHONEOS_DEPLOYMENT_TARGET = 13.5;
				MTL_ENABLE_DEBUG_INFO = NO;
				MTL_FAST_MATH = YES;
				SDKROOT = iphoneos;
				SWIFT_COMPILATION_MODE = wholemodule;
				SWIFT_OPTIMIZATION_LEVEL = "-O";
				VALIDATE_PRODUCT = YES;
			};
			name = Release;
		};
		6615B75F2492222E006E2DE9 /* Debug */ = {
			isa = XCBuildConfiguration;
			baseConfigurationReference = A3089C73125CEE2716EEF6FA /* Pods-Comy-iOS.debug.xcconfig */;
			buildSettings = {
				ASSETCATALOG_COMPILER_APPICON_NAME = AppIcon;
				CODE_SIGN_STYLE = Automatic;
				CURRENT_PROJECT_VERSION = 2;
				DEVELOPMENT_TEAM = S7A54AJQ72;
				INFOPLIST_FILE = "Comy-iOS/Info.plist";
				IPHONEOS_DEPLOYMENT_TARGET = 13.0;
				LD_RUNPATH_SEARCH_PATHS = (
					"$(inherited)",
					"@executable_path/Frameworks",
				);
				PRODUCT_BUNDLE_IDENTIFIER = com.github.quentus123.comy;
				PRODUCT_NAME = Comy;
				SWIFT_VERSION = 5.0;
				TARGETED_DEVICE_FAMILY = "1,2";
			};
			name = Debug;
		};
		6615B7602492222E006E2DE9 /* Release */ = {
			isa = XCBuildConfiguration;
			baseConfigurationReference = 4B51128177CF500C4A12ADA0 /* Pods-Comy-iOS.release.xcconfig */;
			buildSettings = {
				ASSETCATALOG_COMPILER_APPICON_NAME = AppIcon;
				CODE_SIGN_STYLE = Automatic;
				CURRENT_PROJECT_VERSION = 2;
				DEVELOPMENT_TEAM = S7A54AJQ72;
				INFOPLIST_FILE = "Comy-iOS/Info.plist";
				IPHONEOS_DEPLOYMENT_TARGET = 13.0;
				LD_RUNPATH_SEARCH_PATHS = (
					"$(inherited)",
					"@executable_path/Frameworks",
				);
				PRODUCT_BUNDLE_IDENTIFIER = com.github.quentus123.comy;
				PRODUCT_NAME = Comy;
				SWIFT_VERSION = 5.0;
				TARGETED_DEVICE_FAMILY = "1,2";
			};
			name = Release;
		};
		66C14FD324A349F5000917D1 /* Debug */ = {
			isa = XCBuildConfiguration;
			baseConfigurationReference = 7F6F5A7A7E0C812924F1A398 /* Pods-ComyTests.debug.xcconfig */;
			buildSettings = {
				BUNDLE_LOADER = "$(TEST_HOST)";
				CLANG_ENABLE_MODULES = YES;
				CODE_SIGN_STYLE = Automatic;
				DEVELOPMENT_TEAM = S7A54AJQ72;
				INFOPLIST_FILE = ComyTests/Info.plist;
				IPHONEOS_DEPLOYMENT_TARGET = 13.0;
				LD_RUNPATH_SEARCH_PATHS = (
					"$(inherited)",
					"@executable_path/Frameworks",
					"@loader_path/Frameworks",
				);
				PRODUCT_BUNDLE_IDENTIFIER = quentindiebold.ComyTests;
				PRODUCT_NAME = "$(TARGET_NAME)";
				SWIFT_OPTIMIZATION_LEVEL = "-Onone";
				SWIFT_VERSION = 5.0;
				TARGETED_DEVICE_FAMILY = "1,2";
				TEST_HOST = "$(BUILT_PRODUCTS_DIR)/Comy.app/Comy";
			};
			name = Debug;
		};
		66C14FD424A349F5000917D1 /* Release */ = {
			isa = XCBuildConfiguration;
			baseConfigurationReference = E46632489CCDB7529AC308EB /* Pods-ComyTests.release.xcconfig */;
			buildSettings = {
				BUNDLE_LOADER = "$(TEST_HOST)";
				CLANG_ENABLE_MODULES = YES;
				CODE_SIGN_STYLE = Automatic;
				DEVELOPMENT_TEAM = S7A54AJQ72;
				INFOPLIST_FILE = ComyTests/Info.plist;
				IPHONEOS_DEPLOYMENT_TARGET = 13.0;
				LD_RUNPATH_SEARCH_PATHS = (
					"$(inherited)",
					"@executable_path/Frameworks",
					"@loader_path/Frameworks",
				);
				PRODUCT_BUNDLE_IDENTIFIER = quentindiebold.ComyTests;
				PRODUCT_NAME = "$(TARGET_NAME)";
				SWIFT_VERSION = 5.0;
				TARGETED_DEVICE_FAMILY = "1,2";
				TEST_HOST = "$(BUILT_PRODUCTS_DIR)/Comy.app/Comy";
			};
			name = Release;
		};
		66C14FE124A34A03000917D1 /* Debug */ = {
			isa = XCBuildConfiguration;
			baseConfigurationReference = E4A56866E2C0403C5CD75BBA /* Pods-ComyUITests.debug.xcconfig */;
			buildSettings = {
				CODE_SIGN_STYLE = Automatic;
				DEVELOPMENT_TEAM = S7A54AJQ72;
				INFOPLIST_FILE = ComyUITests/Info.plist;
				IPHONEOS_DEPLOYMENT_TARGET = 13.0;
				LD_RUNPATH_SEARCH_PATHS = (
					"$(inherited)",
					"@executable_path/Frameworks",
					"@loader_path/Frameworks",
				);
				PRODUCT_BUNDLE_IDENTIFIER = quentindiebold.ComyUITests;
				PRODUCT_NAME = "$(TARGET_NAME)";
				SWIFT_VERSION = 5.0;
				TARGETED_DEVICE_FAMILY = "1,2";
				TEST_TARGET_NAME = "Comy-iOS";
			};
			name = Debug;
		};
		66C14FE224A34A03000917D1 /* Release */ = {
			isa = XCBuildConfiguration;
			baseConfigurationReference = 9940563888C14F85B30C5BBC /* Pods-ComyUITests.release.xcconfig */;
			buildSettings = {
				CODE_SIGN_STYLE = Automatic;
				DEVELOPMENT_TEAM = S7A54AJQ72;
				INFOPLIST_FILE = ComyUITests/Info.plist;
				IPHONEOS_DEPLOYMENT_TARGET = 13.0;
				LD_RUNPATH_SEARCH_PATHS = (
					"$(inherited)",
					"@executable_path/Frameworks",
					"@loader_path/Frameworks",
				);
				PRODUCT_BUNDLE_IDENTIFIER = quentindiebold.ComyUITests;
				PRODUCT_NAME = "$(TARGET_NAME)";
				SWIFT_VERSION = 5.0;
				TARGETED_DEVICE_FAMILY = "1,2";
				TEST_TARGET_NAME = "Comy-iOS";
			};
			name = Release;
		};
/* End XCBuildConfiguration section */

/* Begin XCConfigurationList section */
		6615B72C2492222D006E2DE9 /* Build configuration list for PBXProject "Comy-iOS" */ = {
			isa = XCConfigurationList;
			buildConfigurations = (
				6615B75C2492222E006E2DE9 /* Debug */,
				6615B75D2492222E006E2DE9 /* Release */,
			);
			defaultConfigurationIsVisible = 0;
			defaultConfigurationName = Release;
		};
		6615B75E2492222E006E2DE9 /* Build configuration list for PBXNativeTarget "Comy-iOS" */ = {
			isa = XCConfigurationList;
			buildConfigurations = (
				6615B75F2492222E006E2DE9 /* Debug */,
				6615B7602492222E006E2DE9 /* Release */,
			);
			defaultConfigurationIsVisible = 0;
			defaultConfigurationName = Release;
		};
		66C14FD224A349F5000917D1 /* Build configuration list for PBXNativeTarget "ComyTests" */ = {
			isa = XCConfigurationList;
			buildConfigurations = (
				66C14FD324A349F5000917D1 /* Debug */,
				66C14FD424A349F5000917D1 /* Release */,
			);
			defaultConfigurationIsVisible = 0;
			defaultConfigurationName = Release;
		};
		66C14FE024A34A03000917D1 /* Build configuration list for PBXNativeTarget "ComyUITests" */ = {
			isa = XCConfigurationList;
			buildConfigurations = (
				66C14FE124A34A03000917D1 /* Debug */,
				66C14FE224A34A03000917D1 /* Release */,
			);
			defaultConfigurationIsVisible = 0;
			defaultConfigurationName = Release;
		};
/* End XCConfigurationList section */

/* Begin XCVersionGroup section */
		6615B73D2492222D006E2DE9 /* Comy_iOS.xcdatamodeld */ = {
			isa = XCVersionGroup;
			children = (
				6615B73E2492222D006E2DE9 /* Comy_iOS.xcdatamodel */,
			);
			currentVersion = 6615B73E2492222D006E2DE9 /* Comy_iOS.xcdatamodel */;
			path = Comy_iOS.xcdatamodeld;
			sourceTree = "<group>";
			versionGroupType = wrapper.xcdatamodel;
		};
/* End XCVersionGroup section */
	};
	rootObject = 6615B7292492222D006E2DE9 /* Project object */;
}
